// !$*UTF8*$!
{
	archiveVersion = 1;
	classes = {
	};
	objectVersion = 46;
	objects = {

/* Begin PBXBuildFile section */
		9EDF1BD2192244E7325F36EC /* Pods_RBQFRCSwiftExampleTests.framework in Frameworks */ = {isa = PBXBuildFile; fileRef = B25B6BB5B4064923A161E8B0 /* Pods_RBQFRCSwiftExampleTests.framework */; };
		A0519BB61C56F88C00307EB5 /* FetchedResultsController.swift in Sources */ = {isa = PBXBuildFile; fileRef = A0519BB21C56F88C00307EB5 /* FetchedResultsController.swift */; };
		A0519BB71C56F88C00307EB5 /* FetchRequest.swift in Sources */ = {isa = PBXBuildFile; fileRef = A0519BB31C56F88C00307EB5 /* FetchRequest.swift */; };
		A0519BB81C56F88C00307EB5 /* Utilities.swift in Sources */ = {isa = PBXBuildFile; fileRef = A0519BB41C56F88C00307EB5 /* Utilities.swift */; };
		A0519BE51C56F89B00307EB5 /* RBQControllerCacheObject.m in Sources */ = {isa = PBXBuildFile; fileRef = A0519BBB1C56F89B00307EB5 /* RBQControllerCacheObject.m */; };
		A0519BE61C56F89B00307EB5 /* RBQObjectCacheObject.m in Sources */ = {isa = PBXBuildFile; fileRef = A0519BBD1C56F89B00307EB5 /* RBQObjectCacheObject.m */; };
		A0519BE71C56F89B00307EB5 /* RBQSectionCacheObject.m in Sources */ = {isa = PBXBuildFile; fileRef = A0519BBF1C56F89B00307EB5 /* RBQSectionCacheObject.m */; };
		A0519BE81C56F89B00307EB5 /* RBQFetchedResultsController.m in Sources */ = {isa = PBXBuildFile; fileRef = A0519BC11C56F89B00307EB5 /* RBQFetchedResultsController.m */; };
		A0519BE91C56F89B00307EB5 /* RBQFetchRequest.m in Sources */ = {isa = PBXBuildFile; fileRef = A0519BC31C56F89B00307EB5 /* RBQFetchRequest.m */; };
		A05FA4EE1B6185AE0000C9B2 /* AppDelegate.swift in Sources */ = {isa = PBXBuildFile; fileRef = A05FA4ED1B6185AE0000C9B2 /* AppDelegate.swift */; };
		A05FA4F31B6185AE0000C9B2 /* Main.storyboard in Resources */ = {isa = PBXBuildFile; fileRef = A05FA4F11B6185AE0000C9B2 /* Main.storyboard */; };
		A05FA4F51B6185AE0000C9B2 /* Images.xcassets in Resources */ = {isa = PBXBuildFile; fileRef = A05FA4F41B6185AE0000C9B2 /* Images.xcassets */; };
		A05FA4F81B6185AE0000C9B2 /* LaunchScreen.xib in Resources */ = {isa = PBXBuildFile; fileRef = A05FA4F61B6185AE0000C9B2 /* LaunchScreen.xib */; };
		A05FA5041B6185AE0000C9B2 /* RBQFRCSwiftExampleTests.swift in Sources */ = {isa = PBXBuildFile; fileRef = A05FA5031B6185AE0000C9B2 /* RBQFRCSwiftExampleTests.swift */; };
		A0AB74621B6C389700923940 /* MainTableViewController.swift in Sources */ = {isa = PBXBuildFile; fileRef = A0AB74611B6C389700923940 /* MainTableViewController.swift */; };
		C9530DC27BD716194D2D9ED4 /* Pods_RBQFRCSwiftExample.framework in Frameworks */ = {isa = PBXBuildFile; fileRef = 00319C4131299318D0CE01CC /* Pods_RBQFRCSwiftExample.framework */; };
/* End PBXBuildFile section */

/* Begin PBXContainerItemProxy section */
		A05FA4FE1B6185AE0000C9B2 /* PBXContainerItemProxy */ = {
			isa = PBXContainerItemProxy;
			containerPortal = A05FA4E01B6185AE0000C9B2 /* Project object */;
			proxyType = 1;
			remoteGlobalIDString = A05FA4E71B6185AE0000C9B2;
			remoteInfo = RBQFRCSwiftExample;
		};
/* End PBXContainerItemProxy section */

/* Begin PBXCopyFilesBuildPhase section */
		A05FA5131B6185F30000C9B2 /* Embed Frameworks */ = {
			isa = PBXCopyFilesBuildPhase;
			buildActionMask = 2147483647;
			dstPath = "";
			dstSubfolderSpec = 10;
			files = (
			);
			name = "Embed Frameworks";
			runOnlyForDeploymentPostprocessing = 0;
		};
/* End PBXCopyFilesBuildPhase section */

/* Begin PBXFileReference section */
		00319C4131299318D0CE01CC /* Pods_RBQFRCSwiftExample.framework */ = {isa = PBXFileReference; explicitFileType = wrapper.framework; includeInIndex = 0; path = Pods_RBQFRCSwiftExample.framework; sourceTree = BUILT_PRODUCTS_DIR; };
		633E6162CF3770E25E232A56 /* Pods-RBQFRCSwiftExampleTests.release.xcconfig */ = {isa = PBXFileReference; includeInIndex = 1; lastKnownFileType = text.xcconfig; name = "Pods-RBQFRCSwiftExampleTests.release.xcconfig"; path = "Pods/Target Support Files/Pods-RBQFRCSwiftExampleTests/Pods-RBQFRCSwiftExampleTests.release.xcconfig"; sourceTree = "<group>"; };
		A0519BB21C56F88C00307EB5 /* FetchedResultsController.swift */ = {isa = PBXFileReference; fileEncoding = 4; lastKnownFileType = sourcecode.swift; name = FetchedResultsController.swift; path = ../../RBQFetchedResultsController/Source/Swift/FetchedResultsController.swift; sourceTree = "<group>"; };
		A0519BB31C56F88C00307EB5 /* FetchRequest.swift */ = {isa = PBXFileReference; fileEncoding = 4; lastKnownFileType = sourcecode.swift; name = FetchRequest.swift; path = ../../RBQFetchedResultsController/Source/Swift/FetchRequest.swift; sourceTree = "<group>"; };
		A0519BB41C56F88C00307EB5 /* Utilities.swift */ = {isa = PBXFileReference; fileEncoding = 4; lastKnownFileType = sourcecode.swift; name = Utilities.swift; path = ../../RBQFetchedResultsController/Source/Swift/Utilities.swift; sourceTree = "<group>"; };
		A0519BBA1C56F89B00307EB5 /* RBQControllerCacheObject.h */ = {isa = PBXFileReference; fileEncoding = 4; lastKnownFileType = sourcecode.c.h; path = RBQControllerCacheObject.h; sourceTree = "<group>"; };
		A0519BBB1C56F89B00307EB5 /* RBQControllerCacheObject.m */ = {isa = PBXFileReference; fileEncoding = 4; lastKnownFileType = sourcecode.c.objc; path = RBQControllerCacheObject.m; sourceTree = "<group>"; };
		A0519BBC1C56F89B00307EB5 /* RBQObjectCacheObject.h */ = {isa = PBXFileReference; fileEncoding = 4; lastKnownFileType = sourcecode.c.h; path = RBQObjectCacheObject.h; sourceTree = "<group>"; };
		A0519BBD1C56F89B00307EB5 /* RBQObjectCacheObject.m */ = {isa = PBXFileReference; fileEncoding = 4; lastKnownFileType = sourcecode.c.objc; path = RBQObjectCacheObject.m; sourceTree = "<group>"; };
		A0519BBE1C56F89B00307EB5 /* RBQSectionCacheObject.h */ = {isa = PBXFileReference; fileEncoding = 4; lastKnownFileType = sourcecode.c.h; path = RBQSectionCacheObject.h; sourceTree = "<group>"; };
		A0519BBF1C56F89B00307EB5 /* RBQSectionCacheObject.m */ = {isa = PBXFileReference; fileEncoding = 4; lastKnownFileType = sourcecode.c.objc; path = RBQSectionCacheObject.m; sourceTree = "<group>"; };
		A0519BC01C56F89B00307EB5 /* RBQFetchedResultsController.h */ = {isa = PBXFileReference; fileEncoding = 4; lastKnownFileType = sourcecode.c.h; name = RBQFetchedResultsController.h; path = ../../RBQFetchedResultsController/Source/RBQFetchedResultsController.h; sourceTree = "<group>"; };
		A0519BC11C56F89B00307EB5 /* RBQFetchedResultsController.m */ = {isa = PBXFileReference; fileEncoding = 4; lastKnownFileType = sourcecode.c.objc; name = RBQFetchedResultsController.m; path = ../../RBQFetchedResultsController/Source/RBQFetchedResultsController.m; sourceTree = "<group>"; };
		A0519BC21C56F89B00307EB5 /* RBQFetchRequest.h */ = {isa = PBXFileReference; fileEncoding = 4; lastKnownFileType = sourcecode.c.h; name = RBQFetchRequest.h; path = ../../RBQFetchedResultsController/Source/RBQFetchRequest.h; sourceTree = "<group>"; };
		A0519BC31C56F89B00307EB5 /* RBQFetchRequest.m */ = {isa = PBXFileReference; fileEncoding = 4; lastKnownFileType = sourcecode.c.objc; name = RBQFetchRequest.m; path = ../../RBQFetchedResultsController/Source/RBQFetchRequest.m; sourceTree = "<group>"; };
		A0519BC61C56F89B00307EB5 /* RLMObject+Notifications.h */ = {isa = PBXFileReference; fileEncoding = 4; lastKnownFileType = sourcecode.c.h; path = "RLMObject+Notifications.h"; sourceTree = "<group>"; };
		A0519BC71C56F89B00307EB5 /* RLMObject+Notifications.m */ = {isa = PBXFileReference; fileEncoding = 4; lastKnownFileType = sourcecode.c.objc; path = "RLMObject+Notifications.m"; sourceTree = "<group>"; };
		A0519BC81C56F89B00307EB5 /* RLMRealm+Notifications.h */ = {isa = PBXFileReference; fileEncoding = 4; lastKnownFileType = sourcecode.c.h; path = "RLMRealm+Notifications.h"; sourceTree = "<group>"; };
		A0519BC91C56F89B00307EB5 /* RLMRealm+Notifications.m */ = {isa = PBXFileReference; fileEncoding = 4; lastKnownFileType = sourcecode.c.objc; path = "RLMRealm+Notifications.m"; sourceTree = "<group>"; };
		A0519BCA1C56F89B00307EB5 /* RLMResults+Notifications.h */ = {isa = PBXFileReference; fileEncoding = 4; lastKnownFileType = sourcecode.c.h; path = "RLMResults+Notifications.h"; sourceTree = "<group>"; };
		A0519BCB1C56F89B00307EB5 /* RLMResults+Notifications.m */ = {isa = PBXFileReference; fileEncoding = 4; lastKnownFileType = sourcecode.c.objc; path = "RLMResults+Notifications.m"; sourceTree = "<group>"; };
		A0519BCD1C56F89B00307EB5 /* RBQRealmNotificationManager.h */ = {isa = PBXFileReference; fileEncoding = 4; lastKnownFileType = sourcecode.c.h; path = RBQRealmNotificationManager.h; sourceTree = "<group>"; };
		A0519BCE1C56F89B00307EB5 /* RBQRealmNotificationManager.m */ = {isa = PBXFileReference; fileEncoding = 4; lastKnownFileType = sourcecode.c.objc; path = RBQRealmNotificationManager.m; sourceTree = "<group>"; };
		A05FA4E81B6185AE0000C9B2 /* RBQFRCSwiftExample.app */ = {isa = PBXFileReference; explicitFileType = wrapper.application; includeInIndex = 0; path = RBQFRCSwiftExample.app; sourceTree = BUILT_PRODUCTS_DIR; };
		A05FA4EC1B6185AE0000C9B2 /* Info.plist */ = {isa = PBXFileReference; lastKnownFileType = text.plist.xml; path = Info.plist; sourceTree = "<group>"; };
		A05FA4ED1B6185AE0000C9B2 /* AppDelegate.swift */ = {isa = PBXFileReference; lastKnownFileType = sourcecode.swift; path = AppDelegate.swift; sourceTree = "<group>"; };
		A05FA4F21B6185AE0000C9B2 /* Base */ = {isa = PBXFileReference; lastKnownFileType = file.storyboard; name = Base; path = Base.lproj/Main.storyboard; sourceTree = "<group>"; };
		A05FA4F41B6185AE0000C9B2 /* Images.xcassets */ = {isa = PBXFileReference; lastKnownFileType = folder.assetcatalog; path = Images.xcassets; sourceTree = "<group>"; };
		A05FA4F71B6185AE0000C9B2 /* Base */ = {isa = PBXFileReference; lastKnownFileType = file.xib; name = Base; path = Base.lproj/LaunchScreen.xib; sourceTree = "<group>"; };
		A05FA4FD1B6185AE0000C9B2 /* RBQFRCSwiftExampleTests.xctest */ = {isa = PBXFileReference; explicitFileType = wrapper.cfbundle; includeInIndex = 0; path = RBQFRCSwiftExampleTests.xctest; sourceTree = BUILT_PRODUCTS_DIR; };
		A05FA5021B6185AE0000C9B2 /* Info.plist */ = {isa = PBXFileReference; lastKnownFileType = text.plist.xml; path = Info.plist; sourceTree = "<group>"; };
		A05FA5031B6185AE0000C9B2 /* RBQFRCSwiftExampleTests.swift */ = {isa = PBXFileReference; lastKnownFileType = sourcecode.swift; path = RBQFRCSwiftExampleTests.swift; sourceTree = "<group>"; };
		A08909851B8FB1C1002E87DD /* RBQFRCSwift-BridgingHeader.h */ = {isa = PBXFileReference; fileEncoding = 4; lastKnownFileType = sourcecode.c.h; path = "RBQFRCSwift-BridgingHeader.h"; sourceTree = "<group>"; };
		A0AB74611B6C389700923940 /* MainTableViewController.swift */ = {isa = PBXFileReference; fileEncoding = 4; lastKnownFileType = sourcecode.swift; path = MainTableViewController.swift; sourceTree = "<group>"; };
		B25B6BB5B4064923A161E8B0 /* Pods_RBQFRCSwiftExampleTests.framework */ = {isa = PBXFileReference; explicitFileType = wrapper.framework; includeInIndex = 0; path = Pods_RBQFRCSwiftExampleTests.framework; sourceTree = BUILT_PRODUCTS_DIR; };
		B36C0AF6EC590706E168170A /* Pods-RBQFRCSwiftExampleTests.debug.xcconfig */ = {isa = PBXFileReference; includeInIndex = 1; lastKnownFileType = text.xcconfig; name = "Pods-RBQFRCSwiftExampleTests.debug.xcconfig"; path = "Pods/Target Support Files/Pods-RBQFRCSwiftExampleTests/Pods-RBQFRCSwiftExampleTests.debug.xcconfig"; sourceTree = "<group>"; };
		D7864A603072C1724ABE96A6 /* Pods-RBQFRCSwiftExample.release.xcconfig */ = {isa = PBXFileReference; includeInIndex = 1; lastKnownFileType = text.xcconfig; name = "Pods-RBQFRCSwiftExample.release.xcconfig"; path = "Pods/Target Support Files/Pods-RBQFRCSwiftExample/Pods-RBQFRCSwiftExample.release.xcconfig"; sourceTree = "<group>"; };
		F6B7EBA1353A22336B3D1695 /* Pods-RBQFRCSwiftExample.debug.xcconfig */ = {isa = PBXFileReference; includeInIndex = 1; lastKnownFileType = text.xcconfig; name = "Pods-RBQFRCSwiftExample.debug.xcconfig"; path = "Pods/Target Support Files/Pods-RBQFRCSwiftExample/Pods-RBQFRCSwiftExample.debug.xcconfig"; sourceTree = "<group>"; };
/* End PBXFileReference section */

/* Begin PBXFrameworksBuildPhase section */
		A05FA4E51B6185AE0000C9B2 /* Frameworks */ = {
			isa = PBXFrameworksBuildPhase;
			buildActionMask = 2147483647;
			files = (
				C9530DC27BD716194D2D9ED4 /* Pods_RBQFRCSwiftExample.framework in Frameworks */,
			);
			runOnlyForDeploymentPostprocessing = 0;
		};
		A05FA4FA1B6185AE0000C9B2 /* Frameworks */ = {
			isa = PBXFrameworksBuildPhase;
			buildActionMask = 2147483647;
			files = (
				9EDF1BD2192244E7325F36EC /* Pods_RBQFRCSwiftExampleTests.framework in Frameworks */,
			);
			runOnlyForDeploymentPostprocessing = 0;
		};
/* End PBXFrameworksBuildPhase section */

/* Begin PBXGroup section */
		39F4E4983D27CC60399A5D24 /* Pods */ = {
			isa = PBXGroup;
			children = (
				F6B7EBA1353A22336B3D1695 /* Pods-RBQFRCSwiftExample.debug.xcconfig */,
				D7864A603072C1724ABE96A6 /* Pods-RBQFRCSwiftExample.release.xcconfig */,
				B36C0AF6EC590706E168170A /* Pods-RBQFRCSwiftExampleTests.debug.xcconfig */,
				633E6162CF3770E25E232A56 /* Pods-RBQFRCSwiftExampleTests.release.xcconfig */,
			);
			name = Pods;
			sourceTree = "<group>";
		};
		A0519BB91C56F89B00307EB5 /* CacheObjects */ = {
			isa = PBXGroup;
			children = (
				A0519BBA1C56F89B00307EB5 /* RBQControllerCacheObject.h */,
				A0519BBB1C56F89B00307EB5 /* RBQControllerCacheObject.m */,
				A0519BBC1C56F89B00307EB5 /* RBQObjectCacheObject.h */,
				A0519BBD1C56F89B00307EB5 /* RBQObjectCacheObject.m */,
				A0519BBE1C56F89B00307EB5 /* RBQSectionCacheObject.h */,
				A0519BBF1C56F89B00307EB5 /* RBQSectionCacheObject.m */,
			);
			name = CacheObjects;
			path = ../../RBQFetchedResultsController/Source/CacheObjects;
			sourceTree = "<group>";
		};
		A0519BC41C56F89B00307EB5 /* RBQRealmNotificationManager */ = {
			isa = PBXGroup;
			children = (
				A0519BC51C56F89B00307EB5 /* Helpers */,
				A0519BCD1C56F89B00307EB5 /* RBQRealmNotificationManager.h */,
				A0519BCE1C56F89B00307EB5 /* RBQRealmNotificationManager.m */,
			);
			name = RBQRealmNotificationManager;
			path = ../../RBQFetchedResultsController/Source/RBQRealmNotificationManager;
			sourceTree = "<group>";
		};
		A0519BC51C56F89B00307EB5 /* Helpers */ = {
			isa = PBXGroup;
			children = (
				A0519BC61C56F89B00307EB5 /* RLMObject+Notifications.h */,
				A0519BC71C56F89B00307EB5 /* RLMObject+Notifications.m */,
				A0519BC81C56F89B00307EB5 /* RLMRealm+Notifications.h */,
				A0519BC91C56F89B00307EB5 /* RLMRealm+Notifications.m */,
				A0519BCA1C56F89B00307EB5 /* RLMResults+Notifications.h */,
				A0519BCB1C56F89B00307EB5 /* RLMResults+Notifications.m */,
			);
			path = Helpers;
			sourceTree = "<group>";
		};
		A05FA4DF1B6185AE0000C9B2 = {
			isa = PBXGroup;
			children = (
				A05FA4EA1B6185AE0000C9B2 /* RBQFRCSwiftExample */,
				A05FA5001B6185AE0000C9B2 /* RBQFRCSwiftExampleTests */,
				A05FA4E91B6185AE0000C9B2 /* Products */,
				39F4E4983D27CC60399A5D24 /* Pods */,
				E23B252BD5C9A622BFB39D12 /* Frameworks */,
			);
			sourceTree = "<group>";
		};
		A05FA4E91B6185AE0000C9B2 /* Products */ = {
			isa = PBXGroup;
			children = (
				A05FA4E81B6185AE0000C9B2 /* RBQFRCSwiftExample.app */,
				A05FA4FD1B6185AE0000C9B2 /* RBQFRCSwiftExampleTests.xctest */,
			);
			name = Products;
			sourceTree = "<group>";
		};
		A05FA4EA1B6185AE0000C9B2 /* RBQFRCSwiftExample */ = {
			isa = PBXGroup;
			children = (
				A089093F1B8F9715002E87DD /* RBQFetchedResultsController */,
				A08909331B8F970A002E87DD /* Swift */,
				A05FA4ED1B6185AE0000C9B2 /* AppDelegate.swift */,
				A08909851B8FB1C1002E87DD /* RBQFRCSwift-BridgingHeader.h */,
				A0AB74611B6C389700923940 /* MainTableViewController.swift */,
				A05FA4F11B6185AE0000C9B2 /* Main.storyboard */,
				A05FA4F41B6185AE0000C9B2 /* Images.xcassets */,
				A05FA4F61B6185AE0000C9B2 /* LaunchScreen.xib */,
				A05FA4EB1B6185AE0000C9B2 /* Supporting Files */,
			);
			path = RBQFRCSwiftExample;
			sourceTree = "<group>";
		};
		A05FA4EB1B6185AE0000C9B2 /* Supporting Files */ = {
			isa = PBXGroup;
			children = (
				A05FA4EC1B6185AE0000C9B2 /* Info.plist */,
			);
			name = "Supporting Files";
			sourceTree = "<group>";
		};
		A05FA5001B6185AE0000C9B2 /* RBQFRCSwiftExampleTests */ = {
			isa = PBXGroup;
			children = (
				A05FA5031B6185AE0000C9B2 /* RBQFRCSwiftExampleTests.swift */,
				A05FA5011B6185AE0000C9B2 /* Supporting Files */,
			);
			path = RBQFRCSwiftExampleTests;
			sourceTree = "<group>";
		};
		A05FA5011B6185AE0000C9B2 /* Supporting Files */ = {
			isa = PBXGroup;
			children = (
				A05FA5021B6185AE0000C9B2 /* Info.plist */,
			);
			name = "Supporting Files";
			sourceTree = "<group>";
		};
		A08909331B8F970A002E87DD /* Swift */ = {
			isa = PBXGroup;
			children = (
				A0519BB21C56F88C00307EB5 /* FetchedResultsController.swift */,
				A0519BB31C56F88C00307EB5 /* FetchRequest.swift */,
				A0519BB41C56F88C00307EB5 /* Utilities.swift */,
			);
			name = Swift;
			path = ../../Swift;
			sourceTree = "<group>";
		};
		A089093F1B8F9715002E87DD /* RBQFetchedResultsController */ = {
			isa = PBXGroup;
			children = (
				A0519BB91C56F89B00307EB5 /* CacheObjects */,
				A0519BC01C56F89B00307EB5 /* RBQFetchedResultsController.h */,
				A0519BC11C56F89B00307EB5 /* RBQFetchedResultsController.m */,
				A0519BC21C56F89B00307EB5 /* RBQFetchRequest.h */,
				A0519BC31C56F89B00307EB5 /* RBQFetchRequest.m */,
				A0519BC41C56F89B00307EB5 /* RBQRealmNotificationManager */,
			);
			name = RBQFetchedResultsController;
			path = ../../RBQFetchedResultsController;
			sourceTree = "<group>";
		};
		E23B252BD5C9A622BFB39D12 /* Frameworks */ = {
			isa = PBXGroup;
			children = (
				00319C4131299318D0CE01CC /* Pods_RBQFRCSwiftExample.framework */,
				B25B6BB5B4064923A161E8B0 /* Pods_RBQFRCSwiftExampleTests.framework */,
			);
			name = Frameworks;
			sourceTree = "<group>";
		};
/* End PBXGroup section */

/* Begin PBXNativeTarget section */
		A05FA4E71B6185AE0000C9B2 /* RBQFRCSwiftExample */ = {
			isa = PBXNativeTarget;
			buildConfigurationList = A05FA5071B6185AE0000C9B2 /* Build configuration list for PBXNativeTarget "RBQFRCSwiftExample" */;
			buildPhases = (
				5023F0B217EFFA8F645B9BE6 /* [CP] Check Pods Manifest.lock */,
				A05FA4E41B6185AE0000C9B2 /* Sources */,
				A05FA4E51B6185AE0000C9B2 /* Frameworks */,
				A05FA4E61B6185AE0000C9B2 /* Resources */,
				A05FA5131B6185F30000C9B2 /* Embed Frameworks */,
				B7699BF9CDBA409BEB9F4504 /* [CP] Embed Pods Frameworks */,
				26063FF9BC166DEBFC5BAAE5 /* [CP] Copy Pods Resources */,
			);
			buildRules = (
			);
			dependencies = (
			);
			name = RBQFRCSwiftExample;
			productName = RBQFRCSwiftExample;
			productReference = A05FA4E81B6185AE0000C9B2 /* RBQFRCSwiftExample.app */;
			productType = "com.apple.product-type.application";
		};
		A05FA4FC1B6185AE0000C9B2 /* RBQFRCSwiftExampleTests */ = {
			isa = PBXNativeTarget;
			buildConfigurationList = A05FA50A1B6185AE0000C9B2 /* Build configuration list for PBXNativeTarget "RBQFRCSwiftExampleTests" */;
			buildPhases = (
				31865C1B5BE568D46F99B0EC /* [CP] Check Pods Manifest.lock */,
				A05FA4F91B6185AE0000C9B2 /* Sources */,
				A05FA4FA1B6185AE0000C9B2 /* Frameworks */,
				A05FA4FB1B6185AE0000C9B2 /* Resources */,
				2C0E600D538B497A6C362AAD /* [CP] Embed Pods Frameworks */,
				F6FDED544DAE0E5FFE97E382 /* [CP] Copy Pods Resources */,
			);
			buildRules = (
			);
			dependencies = (
				A05FA4FF1B6185AE0000C9B2 /* PBXTargetDependency */,
			);
			name = RBQFRCSwiftExampleTests;
			productName = RBQFRCSwiftExampleTests;
			productReference = A05FA4FD1B6185AE0000C9B2 /* RBQFRCSwiftExampleTests.xctest */;
			productType = "com.apple.product-type.bundle.unit-test";
		};
/* End PBXNativeTarget section */

/* Begin PBXProject section */
		A05FA4E01B6185AE0000C9B2 /* Project object */ = {
			isa = PBXProject;
			attributes = {
				LastSwiftUpdateCheck = 0700;
				LastUpgradeCheck = 0810;
				ORGANIZATIONNAME = "Adam Fish";
				TargetAttributes = {
					A05FA4E71B6185AE0000C9B2 = {
						CreatedOnToolsVersion = 6.4;
						LastSwiftMigration = 0810;
					};
					A05FA4FC1B6185AE0000C9B2 = {
						CreatedOnToolsVersion = 6.4;
						LastSwiftMigration = 0810;
						TestTargetID = A05FA4E71B6185AE0000C9B2;
					};
				};
			};
			buildConfigurationList = A05FA4E31B6185AE0000C9B2 /* Build configuration list for PBXProject "RBQFRCSwiftExample" */;
			compatibilityVersion = "Xcode 3.2";
			developmentRegion = English;
			hasScannedForEncodings = 0;
			knownRegions = (
				en,
				Base,
			);
			mainGroup = A05FA4DF1B6185AE0000C9B2;
			productRefGroup = A05FA4E91B6185AE0000C9B2 /* Products */;
			projectDirPath = "";
			projectRoot = "";
			targets = (
				A05FA4E71B6185AE0000C9B2 /* RBQFRCSwiftExample */,
				A05FA4FC1B6185AE0000C9B2 /* RBQFRCSwiftExampleTests */,
			);
		};
/* End PBXProject section */

/* Begin PBXResourcesBuildPhase section */
		A05FA4E61B6185AE0000C9B2 /* Resources */ = {
			isa = PBXResourcesBuildPhase;
			buildActionMask = 2147483647;
			files = (
				A05FA4F31B6185AE0000C9B2 /* Main.storyboard in Resources */,
				A05FA4F81B6185AE0000C9B2 /* LaunchScreen.xib in Resources */,
				A05FA4F51B6185AE0000C9B2 /* Images.xcassets in Resources */,
			);
			runOnlyForDeploymentPostprocessing = 0;
		};
		A05FA4FB1B6185AE0000C9B2 /* Resources */ = {
			isa = PBXResourcesBuildPhase;
			buildActionMask = 2147483647;
			files = (
			);
			runOnlyForDeploymentPostprocessing = 0;
		};
/* End PBXResourcesBuildPhase section */

/* Begin PBXShellScriptBuildPhase section */
		26063FF9BC166DEBFC5BAAE5 /* [CP] Copy Pods Resources */ = {
			isa = PBXShellScriptBuildPhase;
			buildActionMask = 2147483647;
			files = (
			);
			inputPaths = (
			);
			name = "[CP] Copy Pods Resources";
			outputPaths = (
			);
			runOnlyForDeploymentPostprocessing = 0;
			shellPath = /bin/sh;
			shellScript = "\"${SRCROOT}/Pods/Target Support Files/Pods-RBQFRCSwiftExample/Pods-RBQFRCSwiftExample-resources.sh\"\n";
			showEnvVarsInLog = 0;
		};
		2C0E600D538B497A6C362AAD /* [CP] Embed Pods Frameworks */ = {
			isa = PBXShellScriptBuildPhase;
			buildActionMask = 2147483647;
			files = (
			);
			inputPaths = (
			);
			name = "[CP] Embed Pods Frameworks";
			outputPaths = (
			);
			runOnlyForDeploymentPostprocessing = 0;
			shellPath = /bin/sh;
			shellScript = "\"${SRCROOT}/Pods/Target Support Files/Pods-RBQFRCSwiftExampleTests/Pods-RBQFRCSwiftExampleTests-frameworks.sh\"\n";
			showEnvVarsInLog = 0;
		};
		31865C1B5BE568D46F99B0EC /* [CP] Check Pods Manifest.lock */ = {
			isa = PBXShellScriptBuildPhase;
			buildActionMask = 2147483647;
			files = (
			);
			inputPaths = (
			);
			name = "[CP] Check Pods Manifest.lock";
			outputPaths = (
			);
			runOnlyForDeploymentPostprocessing = 0;
			shellPath = /bin/sh;
			shellScript = "diff \"${PODS_ROOT}/../Podfile.lock\" \"${PODS_ROOT}/Manifest.lock\" > /dev/null\nif [ $? != 0 ] ; then\n    # print error to STDERR\n    echo \"error: The sandbox is not in sync with the Podfile.lock. Run 'pod install' or update your CocoaPods installation.\" >&2\n    exit 1\nfi\n";
			showEnvVarsInLog = 0;
		};
		5023F0B217EFFA8F645B9BE6 /* [CP] Check Pods Manifest.lock */ = {
			isa = PBXShellScriptBuildPhase;
			buildActionMask = 2147483647;
			files = (
			);
			inputPaths = (
			);
			name = "[CP] Check Pods Manifest.lock";
			outputPaths = (
			);
			runOnlyForDeploymentPostprocessing = 0;
			shellPath = /bin/sh;
			shellScript = "diff \"${PODS_ROOT}/../Podfile.lock\" \"${PODS_ROOT}/Manifest.lock\" > /dev/null\nif [ $? != 0 ] ; then\n    # print error to STDERR\n    echo \"error: The sandbox is not in sync with the Podfile.lock. Run 'pod install' or update your CocoaPods installation.\" >&2\n    exit 1\nfi\n";
			showEnvVarsInLog = 0;
		};
		B7699BF9CDBA409BEB9F4504 /* [CP] Embed Pods Frameworks */ = {
			isa = PBXShellScriptBuildPhase;
			buildActionMask = 2147483647;
			files = (
			);
			inputPaths = (
			);
			name = "[CP] Embed Pods Frameworks";
			outputPaths = (
			);
			runOnlyForDeploymentPostprocessing = 0;
			shellPath = /bin/sh;
			shellScript = "\"${SRCROOT}/Pods/Target Support Files/Pods-RBQFRCSwiftExample/Pods-RBQFRCSwiftExample-frameworks.sh\"\n";
			showEnvVarsInLog = 0;
		};
		F6FDED544DAE0E5FFE97E382 /* [CP] Copy Pods Resources */ = {
			isa = PBXShellScriptBuildPhase;
			buildActionMask = 2147483647;
			files = (
			);
			inputPaths = (
			);
			name = "[CP] Copy Pods Resources";
			outputPaths = (
			);
			runOnlyForDeploymentPostprocessing = 0;
			shellPath = /bin/sh;
			shellScript = "\"${SRCROOT}/Pods/Target Support Files/Pods-RBQFRCSwiftExampleTests/Pods-RBQFRCSwiftExampleTests-resources.sh\"\n";
			showEnvVarsInLog = 0;
		};
/* End PBXShellScriptBuildPhase section */

/* Begin PBXSourcesBuildPhase section */
		A05FA4E41B6185AE0000C9B2 /* Sources */ = {
			isa = PBXSourcesBuildPhase;
			buildActionMask = 2147483647;
			files = (
				A0519BE61C56F89B00307EB5 /* RBQObjectCacheObject.m in Sources */,
				A0519BB71C56F88C00307EB5 /* FetchRequest.swift in Sources */,
				A0519BE51C56F89B00307EB5 /* RBQControllerCacheObject.m in Sources */,
				A0519BB61C56F88C00307EB5 /* FetchedResultsController.swift in Sources */,
				A0519BE81C56F89B00307EB5 /* RBQFetchedResultsController.m in Sources */,
				A0519BB81C56F88C00307EB5 /* Utilities.swift in Sources */,
				A0AB74621B6C389700923940 /* MainTableViewController.swift in Sources */,
				A0519BE71C56F89B00307EB5 /* RBQSectionCacheObject.m in Sources */,
				A05FA4EE1B6185AE0000C9B2 /* AppDelegate.swift in Sources */,
				A0519BE91C56F89B00307EB5 /* RBQFetchRequest.m in Sources */,
			);
			runOnlyForDeploymentPostprocessing = 0;
		};
		A05FA4F91B6185AE0000C9B2 /* Sources */ = {
			isa = PBXSourcesBuildPhase;
			buildActionMask = 2147483647;
			files = (
				A05FA5041B6185AE0000C9B2 /* RBQFRCSwiftExampleTests.swift in Sources */,
			);
			runOnlyForDeploymentPostprocessing = 0;
		};
/* End PBXSourcesBuildPhase section */

/* Begin PBXTargetDependency section */
		A05FA4FF1B6185AE0000C9B2 /* PBXTargetDependency */ = {
			isa = PBXTargetDependency;
			target = A05FA4E71B6185AE0000C9B2 /* RBQFRCSwiftExample */;
			targetProxy = A05FA4FE1B6185AE0000C9B2 /* PBXContainerItemProxy */;
		};
/* End PBXTargetDependency section */

/* Begin PBXVariantGroup section */
		A05FA4F11B6185AE0000C9B2 /* Main.storyboard */ = {
			isa = PBXVariantGroup;
			children = (
				A05FA4F21B6185AE0000C9B2 /* Base */,
			);
			name = Main.storyboard;
			sourceTree = "<group>";
		};
		A05FA4F61B6185AE0000C9B2 /* LaunchScreen.xib */ = {
			isa = PBXVariantGroup;
			children = (
				A05FA4F71B6185AE0000C9B2 /* Base */,
			);
			name = LaunchScreen.xib;
			sourceTree = "<group>";
		};
/* End PBXVariantGroup section */

/* Begin XCBuildConfiguration section */
		A05FA5051B6185AE0000C9B2 /* Debug */ = {
			isa = XCBuildConfiguration;
			buildSettings = {
				ALWAYS_SEARCH_USER_PATHS = NO;
				CLANG_CXX_LANGUAGE_STANDARD = "gnu++0x";
				CLANG_CXX_LIBRARY = "libc++";
				CLANG_ENABLE_MODULES = YES;
				CLANG_ENABLE_OBJC_ARC = YES;
				CLANG_WARN_BOOL_CONVERSION = YES;
				CLANG_WARN_CONSTANT_CONVERSION = YES;
				CLANG_WARN_DIRECT_OBJC_ISA_USAGE = YES_ERROR;
				CLANG_WARN_EMPTY_BODY = YES;
				CLANG_WARN_ENUM_CONVERSION = YES;
				CLANG_WARN_INFINITE_RECURSION = YES;
				CLANG_WARN_INT_CONVERSION = YES;
				CLANG_WARN_OBJC_ROOT_CLASS = YES_ERROR;
				CLANG_WARN_SUSPICIOUS_MOVE = YES;
				CLANG_WARN_UNREACHABLE_CODE = YES;
				CLANG_WARN__DUPLICATE_METHOD_MATCH = YES;
				"CODE_SIGN_IDENTITY[sdk=iphoneos*]" = "iPhone Developer";
				COPY_PHASE_STRIP = NO;
				DEBUG_INFORMATION_FORMAT = "dwarf-with-dsym";
				ENABLE_STRICT_OBJC_MSGSEND = YES;
				ENABLE_TESTABILITY = YES;
				GCC_C_LANGUAGE_STANDARD = gnu99;
				GCC_DYNAMIC_NO_PIC = NO;
				GCC_NO_COMMON_BLOCKS = YES;
				GCC_OPTIMIZATION_LEVEL = 0;
				GCC_PREPROCESSOR_DEFINITIONS = (
					"DEBUG=1",
					"$(inherited)",
				);
				GCC_SYMBOLS_PRIVATE_EXTERN = NO;
				GCC_WARN_64_TO_32_BIT_CONVERSION = YES;
				GCC_WARN_ABOUT_RETURN_TYPE = YES_ERROR;
				GCC_WARN_UNDECLARED_SELECTOR = YES;
				GCC_WARN_UNINITIALIZED_AUTOS = YES_AGGRESSIVE;
				GCC_WARN_UNUSED_FUNCTION = YES;
				GCC_WARN_UNUSED_VARIABLE = YES;
				IPHONEOS_DEPLOYMENT_TARGET = 8.4;
				MTL_ENABLE_DEBUG_INFO = YES;
				ONLY_ACTIVE_ARCH = YES;
				SDKROOT = iphoneos;
				SWIFT_OPTIMIZATION_LEVEL = "-Onone";
				TARGETED_DEVICE_FAMILY = "1,2";
			};
			name = Debug;
		};
		A05FA5061B6185AE0000C9B2 /* Release */ = {
			isa = XCBuildConfiguration;
			buildSettings = {
				ALWAYS_SEARCH_USER_PATHS = NO;
				CLANG_CXX_LANGUAGE_STANDARD = "gnu++0x";
				CLANG_CXX_LIBRARY = "libc++";
				CLANG_ENABLE_MODULES = YES;
				CLANG_ENABLE_OBJC_ARC = YES;
				CLANG_WARN_BOOL_CONVERSION = YES;
				CLANG_WARN_CONSTANT_CONVERSION = YES;
				CLANG_WARN_DIRECT_OBJC_ISA_USAGE = YES_ERROR;
				CLANG_WARN_EMPTY_BODY = YES;
				CLANG_WARN_ENUM_CONVERSION = YES;
				CLANG_WARN_INFINITE_RECURSION = YES;
				CLANG_WARN_INT_CONVERSION = YES;
				CLANG_WARN_OBJC_ROOT_CLASS = YES_ERROR;
				CLANG_WARN_SUSPICIOUS_MOVE = YES;
				CLANG_WARN_UNREACHABLE_CODE = YES;
				CLANG_WARN__DUPLICATE_METHOD_MATCH = YES;
				"CODE_SIGN_IDENTITY[sdk=iphoneos*]" = "iPhone Developer";
				COPY_PHASE_STRIP = NO;
				DEBUG_INFORMATION_FORMAT = "dwarf-with-dsym";
				ENABLE_NS_ASSERTIONS = NO;
				ENABLE_STRICT_OBJC_MSGSEND = YES;
				GCC_C_LANGUAGE_STANDARD = gnu99;
				GCC_NO_COMMON_BLOCKS = YES;
				GCC_WARN_64_TO_32_BIT_CONVERSION = YES;
				GCC_WARN_ABOUT_RETURN_TYPE = YES_ERROR;
				GCC_WARN_UNDECLARED_SELECTOR = YES;
				GCC_WARN_UNINITIALIZED_AUTOS = YES_AGGRESSIVE;
				GCC_WARN_UNUSED_FUNCTION = YES;
				GCC_WARN_UNUSED_VARIABLE = YES;
				IPHONEOS_DEPLOYMENT_TARGET = 8.4;
				MTL_ENABLE_DEBUG_INFO = NO;
				SDKROOT = iphoneos;
				SWIFT_OPTIMIZATION_LEVEL = "-Owholemodule";
				TARGETED_DEVICE_FAMILY = "1,2";
				VALIDATE_PRODUCT = YES;
			};
			name = Release;
		};
		A05FA5081B6185AE0000C9B2 /* Debug */ = {
			isa = XCBuildConfiguration;
			baseConfigurationReference = F6B7EBA1353A22336B3D1695 /* Pods-RBQFRCSwiftExample.debug.xcconfig */;
			buildSettings = {
				ASSETCATALOG_COMPILER_APPICON_NAME = AppIcon;
				FRAMEWORK_SEARCH_PATHS = (
					"$(inherited)",
					"$(PROJECT_DIR)",
					"$(PROJECT_DIR)/RBQFRCSwiftExample",
				);
				INFOPLIST_FILE = RBQFRCSwiftExample/Info.plist;
				LD_RUNPATH_SEARCH_PATHS = "$(inherited) @executable_path/Frameworks";
				PRODUCT_BUNDLE_IDENTIFIER = "com.Realm.$(PRODUCT_NAME:rfc1034identifier)";
				PRODUCT_NAME = "$(TARGET_NAME)";
				SWIFT_OBJC_BRIDGING_HEADER = "$(SRCROOT)/RBQFRCSwiftExample/RBQFRCSwift-BridgingHeader.h";
				SWIFT_VERSION = 3.0;
			};
			name = Debug;
		};
		A05FA5091B6185AE0000C9B2 /* Release */ = {
			isa = XCBuildConfiguration;
			baseConfigurationReference = D7864A603072C1724ABE96A6 /* Pods-RBQFRCSwiftExample.release.xcconfig */;
			buildSettings = {
				ASSETCATALOG_COMPILER_APPICON_NAME = AppIcon;
				FRAMEWORK_SEARCH_PATHS = (
					"$(inherited)",
					"$(PROJECT_DIR)",
					"$(PROJECT_DIR)/RBQFRCSwiftExample",
				);
				INFOPLIST_FILE = RBQFRCSwiftExample/Info.plist;
				LD_RUNPATH_SEARCH_PATHS = "$(inherited) @executable_path/Frameworks";
				PRODUCT_BUNDLE_IDENTIFIER = "com.Realm.$(PRODUCT_NAME:rfc1034identifier)";
				PRODUCT_NAME = "$(TARGET_NAME)";
				SWIFT_OBJC_BRIDGING_HEADER = "$(SRCROOT)/RBQFRCSwiftExample/RBQFRCSwift-BridgingHeader.h";
				SWIFT_VERSION = 3.0;
			};
			name = Release;
		};
		A05FA50B1B6185AE0000C9B2 /* Debug */ = {
			isa = XCBuildConfiguration;
			baseConfigurationReference = B36C0AF6EC590706E168170A /* Pods-RBQFRCSwiftExampleTests.debug.xcconfig */;
			buildSettings = {
				BUNDLE_LOADER = "$(TEST_HOST)";
				FRAMEWORK_SEARCH_PATHS = "$(inherited)";
				GCC_PREPROCESSOR_DEFINITIONS = (
					"DEBUG=1",
					"$(inherited)",
				);
				INFOPLIST_FILE = RBQFRCSwiftExampleTests/Info.plist;
				LD_RUNPATH_SEARCH_PATHS = "$(inherited) @executable_path/Frameworks @loader_path/Frameworks";
				PRODUCT_BUNDLE_IDENTIFIER = "com.Realm.$(PRODUCT_NAME:rfc1034identifier)";
				PRODUCT_NAME = "$(TARGET_NAME)";
				SWIFT_VERSION = 3.0;
				TEST_HOST = "$(BUILT_PRODUCTS_DIR)/RBQFRCSwiftExample.app/RBQFRCSwiftExample";
			};
			name = Debug;
		};
		A05FA50C1B6185AE0000C9B2 /* Release */ = {
			isa = XCBuildConfiguration;
			baseConfigurationReference = 633E6162CF3770E25E232A56 /* Pods-RBQFRCSwiftExampleTests.release.xcconfig */;
			buildSettings = {
				BUNDLE_LOADER = "$(TEST_HOST)";
				FRAMEWORK_SEARCH_PATHS = "$(inherited)";
				INFOPLIST_FILE = RBQFRCSwiftExampleTests/Info.plist;
				LD_RUNPATH_SEARCH_PATHS = "$(inherited) @executable_path/Frameworks @loader_path/Frameworks";
				PRODUCT_BUNDLE_IDENTIFIER = "com.Realm.$(PRODUCT_NAME:rfc1034identifier)";
				PRODUCT_NAME = "$(TARGET_NAME)";
				SWIFT_VERSION = 3.0;
				TEST_HOST = "$(BUILT_PRODUCTS_DIR)/RBQFRCSwiftExample.app/RBQFRCSwiftExample";
			};
			name = Release;
		};
/* End XCBuildConfiguration section */

/* Begin XCConfigurationList section */
		A05FA4E31B6185AE0000C9B2 /* Build configuration list for PBXProject "RBQFRCSwiftExample" */ = {
			isa = XCConfigurationList;
			buildConfigurations = (
				A05FA5051B6185AE0000C9B2 /* Debug */,
				A05FA5061B6185AE0000C9B2 /* Release */,
			);
			defaultConfigurationIsVisible = 0;
			defaultConfigurationName = Release;
		};
		A05FA5071B6185AE0000C9B2 /* Build configuration list for PBXNativeTarget "RBQFRCSwiftExample" */ = {
			isa = XCConfigurationList;
			buildConfigurations = (
				A05FA5081B6185AE0000C9B2 /* Debug */,
				A05FA5091B6185AE0000C9B2 /* Release */,
			);
			defaultConfigurationIsVisible = 0;
			defaultConfigurationName = Release;
		};
		A05FA50A1B6185AE0000C9B2 /* Build configuration list for PBXNativeTarget "RBQFRCSwiftExampleTests" */ = {
			isa = XCConfigurationList;
			buildConfigurations = (
				A05FA50B1B6185AE0000C9B2 /* Debug */,
				A05FA50C1B6185AE0000C9B2 /* Release */,
			);
			defaultConfigurationIsVisible = 0;
			defaultConfigurationName = Release;
		};
/* End XCConfigurationList section */
	};
	rootObject = A05FA4E01B6185AE0000C9B2 /* Project object */;
}
