// !$*UTF8*$!
{
	archiveVersion = 1;
	classes = {
	};
	objectVersion = 46;
	objects = {

/* Begin PBXBuildFile section */
		662C46861A60C4AD00A8D145 /* RBQFetchedResultsCacheObject.m in Sources */ = {isa = PBXBuildFile; fileRef = 662C46811A60C4AD00A8D145 /* RBQFetchedResultsCacheObject.m */; };
		662C46871A60C4AD00A8D145 /* RBQFetchedResultsControllerCacheObject.m in Sources */ = {isa = PBXBuildFile; fileRef = 662C46831A60C4AD00A8D145 /* RBQFetchedResultsControllerCacheObject.m */; };
		662C46881A60C4AD00A8D145 /* RBQSectionCacheObject.m in Sources */ = {isa = PBXBuildFile; fileRef = 662C46851A60C4AD00A8D145 /* RBQSectionCacheObject.m */; };
		662C468C1A60C4B700A8D145 /* RBQRealmNotificationManager.m in Sources */ = {isa = PBXBuildFile; fileRef = 662C468B1A60C4B700A8D145 /* RBQRealmNotificationManager.m */; };
		662C46921A60C4DF00A8D145 /* RBQSafeRealmObject.m in Sources */ = {isa = PBXBuildFile; fileRef = 662C468F1A60C4DF00A8D145 /* RBQSafeRealmObject.m */; };
		662C46931A60C4DF00A8D145 /* RLMObject+Utilities.m in Sources */ = {isa = PBXBuildFile; fileRef = 662C46911A60C4DF00A8D145 /* RLMObject+Utilities.m */; };
		667F380B1A5B2682008E3052 /* main.m in Sources */ = {isa = PBXBuildFile; fileRef = 667F380A1A5B2682008E3052 /* main.m */; };
		667F380E1A5B2682008E3052 /* AppDelegate.m in Sources */ = {isa = PBXBuildFile; fileRef = 667F380D1A5B2682008E3052 /* AppDelegate.m */; };
		667F38141A5B2682008E3052 /* Main.storyboard in Resources */ = {isa = PBXBuildFile; fileRef = 667F38121A5B2682008E3052 /* Main.storyboard */; };
		667F38161A5B2682008E3052 /* Images.xcassets in Resources */ = {isa = PBXBuildFile; fileRef = 667F38151A5B2682008E3052 /* Images.xcassets */; };
		667F38191A5B2682008E3052 /* LaunchScreen.xib in Resources */ = {isa = PBXBuildFile; fileRef = 667F38171A5B2682008E3052 /* LaunchScreen.xib */; };
		667F38251A5B2682008E3052 /* RBQFetchedResultsControllerExampleTests.m in Sources */ = {isa = PBXBuildFile; fileRef = 667F38241A5B2682008E3052 /* RBQFetchedResultsControllerExampleTests.m */; };
		667F38371A5B2690008E3052 /* RBQFetchedResultsController.m in Sources */ = {isa = PBXBuildFile; fileRef = 667F38301A5B2690008E3052 /* RBQFetchedResultsController.m */; };
		667F38381A5B2690008E3052 /* RBQFetchRequest.m in Sources */ = {isa = PBXBuildFile; fileRef = 667F38321A5B2690008E3052 /* RBQFetchRequest.m */; };
		667F38401A5B26C5008E3052 /* TestObject.m in Sources */ = {isa = PBXBuildFile; fileRef = 667F383E1A5B26C5008E3052 /* TestObject.m */; };
		667F38431A5B27E4008E3052 /* ExampleTableViewController.m in Sources */ = {isa = PBXBuildFile; fileRef = 667F38421A5B27E4008E3052 /* ExampleTableViewController.m */; };
		A6FE5186583EA58E5BF84969 /* libPods.a in Frameworks */ = {isa = PBXBuildFile; fileRef = 046CBCDEC612CA02850EB2FF /* libPods.a */; };
/* End PBXBuildFile section */

/* Begin PBXContainerItemProxy section */
		667F381F1A5B2682008E3052 /* PBXContainerItemProxy */ = {
			isa = PBXContainerItemProxy;
			containerPortal = 667F37FD1A5B2682008E3052 /* Project object */;
			proxyType = 1;
			remoteGlobalIDString = 667F38041A5B2682008E3052;
			remoteInfo = RBQFetchedResultsControllerExample;
		};
/* End PBXContainerItemProxy section */

/* Begin PBXFileReference section */
		046CBCDEC612CA02850EB2FF /* libPods.a */ = {isa = PBXFileReference; explicitFileType = archive.ar; includeInIndex = 0; path = libPods.a; sourceTree = BUILT_PRODUCTS_DIR; };
		55AAFFD7A898D4859B81F711 /* Pods.release.xcconfig */ = {isa = PBXFileReference; includeInIndex = 1; lastKnownFileType = text.xcconfig; name = Pods.release.xcconfig; path = "Pods/Target Support Files/Pods/Pods.release.xcconfig"; sourceTree = "<group>"; };
		662C46801A60C4AD00A8D145 /* RBQFetchedResultsCacheObject.h */ = {isa = PBXFileReference; fileEncoding = 4; lastKnownFileType = sourcecode.c.h; path = RBQFetchedResultsCacheObject.h; sourceTree = "<group>"; };
		662C46811A60C4AD00A8D145 /* RBQFetchedResultsCacheObject.m */ = {isa = PBXFileReference; fileEncoding = 4; lastKnownFileType = sourcecode.c.objc; path = RBQFetchedResultsCacheObject.m; sourceTree = "<group>"; };
		662C46821A60C4AD00A8D145 /* RBQFetchedResultsControllerCacheObject.h */ = {isa = PBXFileReference; fileEncoding = 4; lastKnownFileType = sourcecode.c.h; path = RBQFetchedResultsControllerCacheObject.h; sourceTree = "<group>"; };
		662C46831A60C4AD00A8D145 /* RBQFetchedResultsControllerCacheObject.m */ = {isa = PBXFileReference; fileEncoding = 4; lastKnownFileType = sourcecode.c.objc; path = RBQFetchedResultsControllerCacheObject.m; sourceTree = "<group>"; };
		662C46841A60C4AD00A8D145 /* RBQSectionCacheObject.h */ = {isa = PBXFileReference; fileEncoding = 4; lastKnownFileType = sourcecode.c.h; path = RBQSectionCacheObject.h; sourceTree = "<group>"; };
		662C46851A60C4AD00A8D145 /* RBQSectionCacheObject.m */ = {isa = PBXFileReference; fileEncoding = 4; lastKnownFileType = sourcecode.c.objc; path = RBQSectionCacheObject.m; sourceTree = "<group>"; };
		662C468A1A60C4B700A8D145 /* RBQRealmNotificationManager.h */ = {isa = PBXFileReference; fileEncoding = 4; lastKnownFileType = sourcecode.c.h; path = RBQRealmNotificationManager.h; sourceTree = "<group>"; };
		662C468B1A60C4B700A8D145 /* RBQRealmNotificationManager.m */ = {isa = PBXFileReference; fileEncoding = 4; lastKnownFileType = sourcecode.c.objc; path = RBQRealmNotificationManager.m; sourceTree = "<group>"; };
		662C468E1A60C4DF00A8D145 /* RBQSafeRealmObject.h */ = {isa = PBXFileReference; fileEncoding = 4; lastKnownFileType = sourcecode.c.h; path = RBQSafeRealmObject.h; sourceTree = "<group>"; };
		662C468F1A60C4DF00A8D145 /* RBQSafeRealmObject.m */ = {isa = PBXFileReference; fileEncoding = 4; lastKnownFileType = sourcecode.c.objc; path = RBQSafeRealmObject.m; sourceTree = "<group>"; };
		662C46901A60C4DF00A8D145 /* RLMObject+Utilities.h */ = {isa = PBXFileReference; fileEncoding = 4; lastKnownFileType = sourcecode.c.h; path = "RLMObject+Utilities.h"; sourceTree = "<group>"; };
		662C46911A60C4DF00A8D145 /* RLMObject+Utilities.m */ = {isa = PBXFileReference; fileEncoding = 4; lastKnownFileType = sourcecode.c.objc; path = "RLMObject+Utilities.m"; sourceTree = "<group>"; };
		667F38051A5B2682008E3052 /* RBQFetchedResultsControllerExample.app */ = {isa = PBXFileReference; explicitFileType = wrapper.application; includeInIndex = 0; path = RBQFetchedResultsControllerExample.app; sourceTree = BUILT_PRODUCTS_DIR; };
		667F38091A5B2682008E3052 /* Info.plist */ = {isa = PBXFileReference; lastKnownFileType = text.plist.xml; path = Info.plist; sourceTree = "<group>"; };
		667F380A1A5B2682008E3052 /* main.m */ = {isa = PBXFileReference; lastKnownFileType = sourcecode.c.objc; path = main.m; sourceTree = "<group>"; };
		667F380C1A5B2682008E3052 /* AppDelegate.h */ = {isa = PBXFileReference; lastKnownFileType = sourcecode.c.h; path = AppDelegate.h; sourceTree = "<group>"; };
		667F380D1A5B2682008E3052 /* AppDelegate.m */ = {isa = PBXFileReference; lastKnownFileType = sourcecode.c.objc; path = AppDelegate.m; sourceTree = "<group>"; };
		667F38131A5B2682008E3052 /* Base */ = {isa = PBXFileReference; lastKnownFileType = file.storyboard; name = Base; path = Base.lproj/Main.storyboard; sourceTree = "<group>"; };
		667F38151A5B2682008E3052 /* Images.xcassets */ = {isa = PBXFileReference; lastKnownFileType = folder.assetcatalog; path = Images.xcassets; sourceTree = "<group>"; };
		667F38181A5B2682008E3052 /* Base */ = {isa = PBXFileReference; lastKnownFileType = file.xib; name = Base; path = Base.lproj/LaunchScreen.xib; sourceTree = "<group>"; };
		667F381E1A5B2682008E3052 /* RBQFetchedResultsControllerExampleTests.xctest */ = {isa = PBXFileReference; explicitFileType = wrapper.cfbundle; includeInIndex = 0; path = RBQFetchedResultsControllerExampleTests.xctest; sourceTree = BUILT_PRODUCTS_DIR; };
		667F38231A5B2682008E3052 /* Info.plist */ = {isa = PBXFileReference; lastKnownFileType = text.plist.xml; path = Info.plist; sourceTree = "<group>"; };
		667F38241A5B2682008E3052 /* RBQFetchedResultsControllerExampleTests.m */ = {isa = PBXFileReference; lastKnownFileType = sourcecode.c.objc; path = RBQFetchedResultsControllerExampleTests.m; sourceTree = "<group>"; };
		667F382F1A5B2690008E3052 /* RBQFetchedResultsController.h */ = {isa = PBXFileReference; fileEncoding = 4; lastKnownFileType = sourcecode.c.h; path = RBQFetchedResultsController.h; sourceTree = "<group>"; };
		667F38301A5B2690008E3052 /* RBQFetchedResultsController.m */ = {isa = PBXFileReference; fileEncoding = 4; lastKnownFileType = sourcecode.c.objc; path = RBQFetchedResultsController.m; sourceTree = "<group>"; };
		667F38311A5B2690008E3052 /* RBQFetchRequest.h */ = {isa = PBXFileReference; fileEncoding = 4; lastKnownFileType = sourcecode.c.h; path = RBQFetchRequest.h; sourceTree = "<group>"; };
		667F38321A5B2690008E3052 /* RBQFetchRequest.m */ = {isa = PBXFileReference; fileEncoding = 4; lastKnownFileType = sourcecode.c.objc; path = RBQFetchRequest.m; sourceTree = "<group>"; };
		667F383D1A5B26C5008E3052 /* TestObject.h */ = {isa = PBXFileReference; fileEncoding = 4; lastKnownFileType = sourcecode.c.h; path = TestObject.h; sourceTree = "<group>"; };
		667F383E1A5B26C5008E3052 /* TestObject.m */ = {isa = PBXFileReference; fileEncoding = 4; lastKnownFileType = sourcecode.c.objc; path = TestObject.m; sourceTree = "<group>"; };
		667F38411A5B27E4008E3052 /* ExampleTableViewController.h */ = {isa = PBXFileReference; fileEncoding = 4; lastKnownFileType = sourcecode.c.h; path = ExampleTableViewController.h; sourceTree = "<group>"; };
		667F38421A5B27E4008E3052 /* ExampleTableViewController.m */ = {isa = PBXFileReference; fileEncoding = 4; lastKnownFileType = sourcecode.c.objc; path = ExampleTableViewController.m; sourceTree = "<group>"; };
		A1E9F0B065E9219B62951CAC /* Pods.debug.xcconfig */ = {isa = PBXFileReference; includeInIndex = 1; lastKnownFileType = text.xcconfig; name = Pods.debug.xcconfig; path = "Pods/Target Support Files/Pods/Pods.debug.xcconfig"; sourceTree = "<group>"; };
/* End PBXFileReference section */

/* Begin PBXFrameworksBuildPhase section */
		667F38021A5B2682008E3052 /* Frameworks */ = {
			isa = PBXFrameworksBuildPhase;
			buildActionMask = 2147483647;
			files = (
				A6FE5186583EA58E5BF84969 /* libPods.a in Frameworks */,
			);
			runOnlyForDeploymentPostprocessing = 0;
		};
		667F381B1A5B2682008E3052 /* Frameworks */ = {
			isa = PBXFrameworksBuildPhase;
			buildActionMask = 2147483647;
			files = (
			);
			runOnlyForDeploymentPostprocessing = 0;
		};
/* End PBXFrameworksBuildPhase section */

/* Begin PBXGroup section */
		19B744AA72655FFA5B118084 /* Frameworks */ = {
			isa = PBXGroup;
			children = (
				046CBCDEC612CA02850EB2FF /* libPods.a */,
			);
			name = Frameworks;
			sourceTree = "<group>";
		};
		662C467F1A60C4AD00A8D145 /* CacheObjects */ = {
			isa = PBXGroup;
			children = (
				662C46801A60C4AD00A8D145 /* RBQFetchedResultsCacheObject.h */,
				662C46811A60C4AD00A8D145 /* RBQFetchedResultsCacheObject.m */,
				662C46821A60C4AD00A8D145 /* RBQFetchedResultsControllerCacheObject.h */,
				662C46831A60C4AD00A8D145 /* RBQFetchedResultsControllerCacheObject.m */,
				662C46841A60C4AD00A8D145 /* RBQSectionCacheObject.h */,
				662C46851A60C4AD00A8D145 /* RBQSectionCacheObject.m */,
			);
			path = CacheObjects;
			sourceTree = "<group>";
		};
		662C46891A60C4B700A8D145 /* NotificationManager */ = {
			isa = PBXGroup;
			children = (
				662C468A1A60C4B700A8D145 /* RBQRealmNotificationManager.h */,
				662C468B1A60C4B700A8D145 /* RBQRealmNotificationManager.m */,
			);
			path = NotificationManager;
			sourceTree = "<group>";
		};
		662C468D1A60C4DF00A8D145 /* Helpers */ = {
			isa = PBXGroup;
			children = (
				662C468E1A60C4DF00A8D145 /* RBQSafeRealmObject.h */,
				662C468F1A60C4DF00A8D145 /* RBQSafeRealmObject.m */,
				662C46901A60C4DF00A8D145 /* RLMObject+Utilities.h */,
				662C46911A60C4DF00A8D145 /* RLMObject+Utilities.m */,
			);
			path = Helpers;
			sourceTree = "<group>";
		};
		667F37FC1A5B2682008E3052 = {
			isa = PBXGroup;
			children = (
				667F382E1A5B2690008E3052 /* RBQFetchedResultsController */,
				667F38071A5B2682008E3052 /* RBQFetchedResultsControllerExample */,
				667F38211A5B2682008E3052 /* RBQFetchedResultsControllerExampleTests */,
				667F38061A5B2682008E3052 /* Products */,
				753B940FE5FE0F2FD5324C04 /* Pods */,
				19B744AA72655FFA5B118084 /* Frameworks */,
			);
			sourceTree = "<group>";
		};
		667F38061A5B2682008E3052 /* Products */ = {
			isa = PBXGroup;
			children = (
				667F38051A5B2682008E3052 /* RBQFetchedResultsControllerExample.app */,
				667F381E1A5B2682008E3052 /* RBQFetchedResultsControllerExampleTests.xctest */,
			);
			name = Products;
			sourceTree = "<group>";
		};
		667F38071A5B2682008E3052 /* RBQFetchedResultsControllerExample */ = {
			isa = PBXGroup;
			children = (
				667F380C1A5B2682008E3052 /* AppDelegate.h */,
				667F380D1A5B2682008E3052 /* AppDelegate.m */,
				667F38411A5B27E4008E3052 /* ExampleTableViewController.h */,
				667F38421A5B27E4008E3052 /* ExampleTableViewController.m */,
				667F383D1A5B26C5008E3052 /* TestObject.h */,
				667F383E1A5B26C5008E3052 /* TestObject.m */,
				667F38121A5B2682008E3052 /* Main.storyboard */,
				667F38151A5B2682008E3052 /* Images.xcassets */,
				667F38171A5B2682008E3052 /* LaunchScreen.xib */,
				667F38081A5B2682008E3052 /* Supporting Files */,
			);
			path = RBQFetchedResultsControllerExample;
			sourceTree = "<group>";
		};
		667F38081A5B2682008E3052 /* Supporting Files */ = {
			isa = PBXGroup;
			children = (
				667F38091A5B2682008E3052 /* Info.plist */,
				667F380A1A5B2682008E3052 /* main.m */,
			);
			name = "Supporting Files";
			sourceTree = "<group>";
		};
		667F38211A5B2682008E3052 /* RBQFetchedResultsControllerExampleTests */ = {
			isa = PBXGroup;
			children = (
				667F38241A5B2682008E3052 /* RBQFetchedResultsControllerExampleTests.m */,
				667F38221A5B2682008E3052 /* Supporting Files */,
			);
			path = RBQFetchedResultsControllerExampleTests;
			sourceTree = "<group>";
		};
		667F38221A5B2682008E3052 /* Supporting Files */ = {
			isa = PBXGroup;
			children = (
				667F38231A5B2682008E3052 /* Info.plist */,
			);
			name = "Supporting Files";
			sourceTree = "<group>";
		};
		667F382E1A5B2690008E3052 /* RBQFetchedResultsController */ = {
			isa = PBXGroup;
			children = (
				662C467F1A60C4AD00A8D145 /* CacheObjects */,
				662C468D1A60C4DF00A8D145 /* Helpers */,
				662C46891A60C4B700A8D145 /* NotificationManager */,
				667F382F1A5B2690008E3052 /* RBQFetchedResultsController.h */,
				667F38301A5B2690008E3052 /* RBQFetchedResultsController.m */,
				667F38311A5B2690008E3052 /* RBQFetchRequest.h */,
				667F38321A5B2690008E3052 /* RBQFetchRequest.m */,
			);
			path = RBQFetchedResultsController;
			sourceTree = "<group>";
		};
		753B940FE5FE0F2FD5324C04 /* Pods */ = {
			isa = PBXGroup;
			children = (
				A1E9F0B065E9219B62951CAC /* Pods.debug.xcconfig */,
				55AAFFD7A898D4859B81F711 /* Pods.release.xcconfig */,
			);
			name = Pods;
			sourceTree = "<group>";
		};
/* End PBXGroup section */

/* Begin PBXNativeTarget section */
		667F38041A5B2682008E3052 /* RBQFetchedResultsControllerExample */ = {
			isa = PBXNativeTarget;
			buildConfigurationList = 667F38281A5B2682008E3052 /* Build configuration list for PBXNativeTarget "RBQFetchedResultsControllerExample" */;
			buildPhases = (
				C2363A6E112DFA1F5D0CC63D /* Check Pods Manifest.lock */,
				667F38011A5B2682008E3052 /* Sources */,
				667F38021A5B2682008E3052 /* Frameworks */,
				667F38031A5B2682008E3052 /* Resources */,
				B9BFA561CD25E6C9E9B29EFC /* Copy Pods Resources */,
			);
			buildRules = (
			);
			dependencies = (
			);
			name = RBQFetchedResultsControllerExample;
			productName = RBQFetchedResultsControllerExample;
			productReference = 667F38051A5B2682008E3052 /* RBQFetchedResultsControllerExample.app */;
			productType = "com.apple.product-type.application";
		};
		667F381D1A5B2682008E3052 /* RBQFetchedResultsControllerExampleTests */ = {
			isa = PBXNativeTarget;
			buildConfigurationList = 667F382B1A5B2682008E3052 /* Build configuration list for PBXNativeTarget "RBQFetchedResultsControllerExampleTests" */;
			buildPhases = (
				667F381A1A5B2682008E3052 /* Sources */,
				667F381B1A5B2682008E3052 /* Frameworks */,
				667F381C1A5B2682008E3052 /* Resources */,
			);
			buildRules = (
			);
			dependencies = (
				667F38201A5B2682008E3052 /* PBXTargetDependency */,
			);
			name = RBQFetchedResultsControllerExampleTests;
			productName = RBQFetchedResultsControllerExampleTests;
			productReference = 667F381E1A5B2682008E3052 /* RBQFetchedResultsControllerExampleTests.xctest */;
			productType = "com.apple.product-type.bundle.unit-test";
		};
/* End PBXNativeTarget section */

/* Begin PBXProject section */
		667F37FD1A5B2682008E3052 /* Project object */ = {
			isa = PBXProject;
			attributes = {
				LastUpgradeCheck = 0610;
				ORGANIZATIONNAME = Roobiq;
				TargetAttributes = {
					667F38041A5B2682008E3052 = {
						CreatedOnToolsVersion = 6.1.1;
					};
					667F381D1A5B2682008E3052 = {
						CreatedOnToolsVersion = 6.1.1;
						TestTargetID = 667F38041A5B2682008E3052;
					};
				};
			};
			buildConfigurationList = 667F38001A5B2682008E3052 /* Build configuration list for PBXProject "RBQFetchedResultsControllerExample" */;
			compatibilityVersion = "Xcode 3.2";
			developmentRegion = English;
			hasScannedForEncodings = 0;
			knownRegions = (
				en,
				Base,
			);
			mainGroup = 667F37FC1A5B2682008E3052;
			productRefGroup = 667F38061A5B2682008E3052 /* Products */;
			projectDirPath = "";
			projectRoot = "";
			targets = (
				667F38041A5B2682008E3052 /* RBQFetchedResultsControllerExample */,
				667F381D1A5B2682008E3052 /* RBQFetchedResultsControllerExampleTests */,
			);
		};
/* End PBXProject section */

/* Begin PBXResourcesBuildPhase section */
		667F38031A5B2682008E3052 /* Resources */ = {
			isa = PBXResourcesBuildPhase;
			buildActionMask = 2147483647;
			files = (
				667F38141A5B2682008E3052 /* Main.storyboard in Resources */,
				667F38191A5B2682008E3052 /* LaunchScreen.xib in Resources */,
				667F38161A5B2682008E3052 /* Images.xcassets in Resources */,
			);
			runOnlyForDeploymentPostprocessing = 0;
		};
		667F381C1A5B2682008E3052 /* Resources */ = {
			isa = PBXResourcesBuildPhase;
			buildActionMask = 2147483647;
			files = (
			);
			runOnlyForDeploymentPostprocessing = 0;
		};
/* End PBXResourcesBuildPhase section */

/* Begin PBXShellScriptBuildPhase section */
		B9BFA561CD25E6C9E9B29EFC /* Copy Pods Resources */ = {
			isa = PBXShellScriptBuildPhase;
			buildActionMask = 2147483647;
			files = (
			);
			inputPaths = (
			);
			name = "Copy Pods Resources";
			outputPaths = (
			);
			runOnlyForDeploymentPostprocessing = 0;
			shellPath = /bin/sh;
			shellScript = "\"${SRCROOT}/Pods/Target Support Files/Pods/Pods-resources.sh\"\n";
			showEnvVarsInLog = 0;
		};
		C2363A6E112DFA1F5D0CC63D /* Check Pods Manifest.lock */ = {
			isa = PBXShellScriptBuildPhase;
			buildActionMask = 2147483647;
			files = (
			);
			inputPaths = (
			);
			name = "Check Pods Manifest.lock";
			outputPaths = (
			);
			runOnlyForDeploymentPostprocessing = 0;
			shellPath = /bin/sh;
			shellScript = "diff \"${PODS_ROOT}/../Podfile.lock\" \"${PODS_ROOT}/Manifest.lock\" > /dev/null\nif [[ $? != 0 ]] ; then\n    cat << EOM\nerror: The sandbox is not in sync with the Podfile.lock. Run 'pod install' or update your CocoaPods installation.\nEOM\n    exit 1\nfi\n";
			showEnvVarsInLog = 0;
		};
/* End PBXShellScriptBuildPhase section */

/* Begin PBXSourcesBuildPhase section */
		667F38011A5B2682008E3052 /* Sources */ = {
			isa = PBXSourcesBuildPhase;
			buildActionMask = 2147483647;
			files = (
				667F38431A5B27E4008E3052 /* ExampleTableViewController.m in Sources */,
				667F38401A5B26C5008E3052 /* TestObject.m in Sources */,
				667F38381A5B2690008E3052 /* RBQFetchRequest.m in Sources */,
				662C46861A60C4AD00A8D145 /* RBQFetchedResultsCacheObject.m in Sources */,
				667F380E1A5B2682008E3052 /* AppDelegate.m in Sources */,
				662C46921A60C4DF00A8D145 /* RBQSafeRealmObject.m in Sources */,
				667F38371A5B2690008E3052 /* RBQFetchedResultsController.m in Sources */,
				662C468C1A60C4B700A8D145 /* RBQRealmNotificationManager.m in Sources */,
				662C46871A60C4AD00A8D145 /* RBQFetchedResultsControllerCacheObject.m in Sources */,
				662C46931A60C4DF00A8D145 /* RLMObject+Utilities.m in Sources */,
				667F380B1A5B2682008E3052 /* main.m in Sources */,
				662C46881A60C4AD00A8D145 /* RBQSectionCacheObject.m in Sources */,
			);
			runOnlyForDeploymentPostprocessing = 0;
		};
		667F381A1A5B2682008E3052 /* Sources */ = {
			isa = PBXSourcesBuildPhase;
			buildActionMask = 2147483647;
			files = (
				667F38251A5B2682008E3052 /* RBQFetchedResultsControllerExampleTests.m in Sources */,
			);
			runOnlyForDeploymentPostprocessing = 0;
		};
/* End PBXSourcesBuildPhase section */

/* Begin PBXTargetDependency section */
		667F38201A5B2682008E3052 /* PBXTargetDependency */ = {
			isa = PBXTargetDependency;
			target = 667F38041A5B2682008E3052 /* RBQFetchedResultsControllerExample */;
			targetProxy = 667F381F1A5B2682008E3052 /* PBXContainerItemProxy */;
		};
/* End PBXTargetDependency section */

/* Begin PBXVariantGroup section */
		667F38121A5B2682008E3052 /* Main.storyboard */ = {
			isa = PBXVariantGroup;
			children = (
				667F38131A5B2682008E3052 /* Base */,
			);
			name = Main.storyboard;
			sourceTree = "<group>";
		};
		667F38171A5B2682008E3052 /* LaunchScreen.xib */ = {
			isa = PBXVariantGroup;
			children = (
				667F38181A5B2682008E3052 /* Base */,
			);
			name = LaunchScreen.xib;
			sourceTree = "<group>";
		};
/* End PBXVariantGroup section */

/* Begin XCBuildConfiguration section */
		667F38261A5B2682008E3052 /* Debug */ = {
			isa = XCBuildConfiguration;
			buildSettings = {
				ALWAYS_SEARCH_USER_PATHS = NO;
				CLANG_CXX_LANGUAGE_STANDARD = "gnu++0x";
				CLANG_CXX_LIBRARY = "libc++";
				CLANG_ENABLE_MODULES = YES;
				CLANG_ENABLE_OBJC_ARC = YES;
				CLANG_WARN_BOOL_CONVERSION = YES;
				CLANG_WARN_CONSTANT_CONVERSION = YES;
				CLANG_WARN_DIRECT_OBJC_ISA_USAGE = YES_ERROR;
				CLANG_WARN_EMPTY_BODY = YES;
				CLANG_WARN_ENUM_CONVERSION = YES;
				CLANG_WARN_INT_CONVERSION = YES;
				CLANG_WARN_OBJC_ROOT_CLASS = YES_ERROR;
				CLANG_WARN_UNREACHABLE_CODE = YES;
				CLANG_WARN__DUPLICATE_METHOD_MATCH = YES;
				"CODE_SIGN_IDENTITY[sdk=iphoneos*]" = "iPhone Developer";
				COPY_PHASE_STRIP = NO;
				ENABLE_STRICT_OBJC_MSGSEND = YES;
				GCC_C_LANGUAGE_STANDARD = gnu99;
				GCC_DYNAMIC_NO_PIC = NO;
				GCC_OPTIMIZATION_LEVEL = 0;
				GCC_PREPROCESSOR_DEFINITIONS = (
					"DEBUG=1",
					"$(inherited)",
				);
				GCC_SYMBOLS_PRIVATE_EXTERN = NO;
				GCC_WARN_64_TO_32_BIT_CONVERSION = YES;
				GCC_WARN_ABOUT_RETURN_TYPE = YES_ERROR;
				GCC_WARN_UNDECLARED_SELECTOR = YES;
				GCC_WARN_UNINITIALIZED_AUTOS = YES_AGGRESSIVE;
				GCC_WARN_UNUSED_FUNCTION = YES;
				GCC_WARN_UNUSED_VARIABLE = YES;
				IPHONEOS_DEPLOYMENT_TARGET = 8.1;
				MTL_ENABLE_DEBUG_INFO = YES;
				ONLY_ACTIVE_ARCH = YES;
				SDKROOT = iphoneos;
				TARGETED_DEVICE_FAMILY = "1,2";
			};
			name = Debug;
		};
		667F38271A5B2682008E3052 /* Release */ = {
			isa = XCBuildConfiguration;
			buildSettings = {
				ALWAYS_SEARCH_USER_PATHS = NO;
				CLANG_CXX_LANGUAGE_STANDARD = "gnu++0x";
				CLANG_CXX_LIBRARY = "libc++";
				CLANG_ENABLE_MODULES = YES;
				CLANG_ENABLE_OBJC_ARC = YES;
				CLANG_WARN_BOOL_CONVERSION = YES;
				CLANG_WARN_CONSTANT_CONVERSION = YES;
				CLANG_WARN_DIRECT_OBJC_ISA_USAGE = YES_ERROR;
				CLANG_WARN_EMPTY_BODY = YES;
				CLANG_WARN_ENUM_CONVERSION = YES;
				CLANG_WARN_INT_CONVERSION = YES;
				CLANG_WARN_OBJC_ROOT_CLASS = YES_ERROR;
				CLANG_WARN_UNREACHABLE_CODE = YES;
				CLANG_WARN__DUPLICATE_METHOD_MATCH = YES;
				"CODE_SIGN_IDENTITY[sdk=iphoneos*]" = "iPhone Developer";
				COPY_PHASE_STRIP = YES;
				ENABLE_NS_ASSERTIONS = NO;
				ENABLE_STRICT_OBJC_MSGSEND = YES;
				GCC_C_LANGUAGE_STANDARD = gnu99;
				GCC_WARN_64_TO_32_BIT_CONVERSION = YES;
				GCC_WARN_ABOUT_RETURN_TYPE = YES_ERROR;
				GCC_WARN_UNDECLARED_SELECTOR = YES;
				GCC_WARN_UNINITIALIZED_AUTOS = YES_AGGRESSIVE;
				GCC_WARN_UNUSED_FUNCTION = YES;
				GCC_WARN_UNUSED_VARIABLE = YES;
				IPHONEOS_DEPLOYMENT_TARGET = 8.1;
				MTL_ENABLE_DEBUG_INFO = NO;
				SDKROOT = iphoneos;
				TARGETED_DEVICE_FAMILY = "1,2";
				VALIDATE_PRODUCT = YES;
			};
			name = Release;
		};
		667F38291A5B2682008E3052 /* Debug */ = {
			isa = XCBuildConfiguration;
			baseConfigurationReference = A1E9F0B065E9219B62951CAC /* Pods.debug.xcconfig */;
			buildSettings = {
				ASSETCATALOG_COMPILER_APPICON_NAME = AppIcon;
				INFOPLIST_FILE = RBQFetchedResultsControllerExample/Info.plist;
				IPHONEOS_DEPLOYMENT_TARGET = 7.1;
				LD_RUNPATH_SEARCH_PATHS = "$(inherited) @executable_path/Frameworks";
				PRODUCT_NAME = "$(TARGET_NAME)";
			};
			name = Debug;
		};
		667F382A1A5B2682008E3052 /* Release */ = {
			isa = XCBuildConfiguration;
			baseConfigurationReference = 55AAFFD7A898D4859B81F711 /* Pods.release.xcconfig */;
			buildSettings = {
				ASSETCATALOG_COMPILER_APPICON_NAME = AppIcon;
				INFOPLIST_FILE = RBQFetchedResultsControllerExample/Info.plist;
				IPHONEOS_DEPLOYMENT_TARGET = 7.1;
				LD_RUNPATH_SEARCH_PATHS = "$(inherited) @executable_path/Frameworks";
				PRODUCT_NAME = "$(TARGET_NAME)";
			};
			name = Release;
		};
		667F382C1A5B2682008E3052 /* Debug */ = {
			isa = XCBuildConfiguration;
			buildSettings = {
				BUNDLE_LOADER = "$(TEST_HOST)";
				FRAMEWORK_SEARCH_PATHS = (
					"$(SDKROOT)/Developer/Library/Frameworks",
					"$(inherited)",
				);
				GCC_PREPROCESSOR_DEFINITIONS = (
					"DEBUG=1",
					"$(inherited)",
				);
				INFOPLIST_FILE = RBQFetchedResultsControllerExampleTests/Info.plist;
				LD_RUNPATH_SEARCH_PATHS = "$(inherited) @executable_path/Frameworks @loader_path/Frameworks";
				PRODUCT_NAME = "$(TARGET_NAME)";
				TEST_HOST = "$(BUILT_PRODUCTS_DIR)/RBQFetchedResultsControllerExample.app/RBQFetchedResultsControllerExample";
			};
			name = Debug;
		};
		667F382D1A5B2682008E3052 /* Release */ = {
			isa = XCBuildConfiguration;
			buildSettings = {
				BUNDLE_LOADER = "$(TEST_HOST)";
				FRAMEWORK_SEARCH_PATHS = (
					"$(SDKROOT)/Developer/Library/Frameworks",
					"$(inherited)",
				);
				INFOPLIST_FILE = RBQFetchedResultsControllerExampleTests/Info.plist;
				LD_RUNPATH_SEARCH_PATHS = "$(inherited) @executable_path/Frameworks @loader_path/Frameworks";
				PRODUCT_NAME = "$(TARGET_NAME)";
				TEST_HOST = "$(BUILT_PRODUCTS_DIR)/RBQFetchedResultsControllerExample.app/RBQFetchedResultsControllerExample";
			};
			name = Release;
		};
/* End XCBuildConfiguration section */

/* Begin XCConfigurationList section */
		667F38001A5B2682008E3052 /* Build configuration list for PBXProject "RBQFetchedResultsControllerExample" */ = {
			isa = XCConfigurationList;
			buildConfigurations = (
				667F38261A5B2682008E3052 /* Debug */,
				667F38271A5B2682008E3052 /* Release */,
			);
			defaultConfigurationIsVisible = 0;
			defaultConfigurationName = Release;
		};
		667F38281A5B2682008E3052 /* Build configuration list for PBXNativeTarget "RBQFetchedResultsControllerExample" */ = {
			isa = XCConfigurationList;
			buildConfigurations = (
				667F38291A5B2682008E3052 /* Debug */,
				667F382A1A5B2682008E3052 /* Release */,
			);
			defaultConfigurationIsVisible = 0;
			defaultConfigurationName = Release;
		};
		667F382B1A5B2682008E3052 /* Build configuration list for PBXNativeTarget "RBQFetchedResultsControllerExampleTests" */ = {
			isa = XCConfigurationList;
			buildConfigurations = (
				667F382C1A5B2682008E3052 /* Debug */,
				667F382D1A5B2682008E3052 /* Release */,
			);
			defaultConfigurationIsVisible = 0;
			defaultConfigurationName = Release;
		};
/* End XCConfigurationList section */
	};
	rootObject = 667F37FD1A5B2682008E3052 /* Project object */;
}
