// !$*UTF8*$!
{
	archiveVersion = 1;
	classes = {
	};
	objectVersion = 46;
	objects = {

/* Begin PBXBuildFile section */
		667F380B1A5B2682008E3052 /* main.m in Sources */ = {isa = PBXBuildFile; fileRef = 667F380A1A5B2682008E3052 /* main.m */; };
		667F380E1A5B2682008E3052 /* AppDelegate.m in Sources */ = {isa = PBXBuildFile; fileRef = 667F380D1A5B2682008E3052 /* AppDelegate.m */; };
		667F38141A5B2682008E3052 /* Main.storyboard in Resources */ = {isa = PBXBuildFile; fileRef = 667F38121A5B2682008E3052 /* Main.storyboard */; };
		667F38161A5B2682008E3052 /* Images.xcassets in Resources */ = {isa = PBXBuildFile; fileRef = 667F38151A5B2682008E3052 /* Images.xcassets */; };
		667F38191A5B2682008E3052 /* LaunchScreen.xib in Resources */ = {isa = PBXBuildFile; fileRef = 667F38171A5B2682008E3052 /* LaunchScreen.xib */; };
		667F38401A5B26C5008E3052 /* TestObject.m in Sources */ = {isa = PBXBuildFile; fileRef = 667F383E1A5B26C5008E3052 /* TestObject.m */; };
		667F38431A5B27E4008E3052 /* ExampleTableViewController.m in Sources */ = {isa = PBXBuildFile; fileRef = 667F38421A5B27E4008E3052 /* ExampleTableViewController.m */; };
		A0951C3F1C87A5E5006AB5D7 /* Realm.framework in Frameworks */ = {isa = PBXBuildFile; fileRef = A0951C3E1C87A5E5006AB5D7 /* Realm.framework */; };
		A0951C401C87A5E5006AB5D7 /* Realm.framework in Embed Frameworks */ = {isa = PBXBuildFile; fileRef = A0951C3E1C87A5E5006AB5D7 /* Realm.framework */; settings = {ATTRIBUTES = (CodeSignOnCopy, RemoveHeadersOnCopy, ); }; };
		A0BC27B01C56DA0000306449 /* RBQFetchedResultsController.framework in Frameworks */ = {isa = PBXBuildFile; fileRef = A0FBECB01C56D6E3006E5109 /* RBQFetchedResultsController.framework */; };
		A0BC27B11C56DA0000306449 /* RBQFetchedResultsController.framework in Embed Frameworks */ = {isa = PBXBuildFile; fileRef = A0FBECB01C56D6E3006E5109 /* RBQFetchedResultsController.framework */; settings = {ATTRIBUTES = (CodeSignOnCopy, RemoveHeadersOnCopy, ); }; };
		A0C594D31CCF0D490041A382 /* RBQFetchedResultsController.framework in Frameworks */ = {isa = PBXBuildFile; fileRef = A0FBECB01C56D6E3006E5109 /* RBQFetchedResultsController.framework */; };
		F9C9CC4A1DF6BE3400A85A48 /* RBQSafeRealmObject.framework in Frameworks */ = {isa = PBXBuildFile; fileRef = F9C9CC441DF6BE1500A85A48 /* RBQSafeRealmObject.framework */; };
		F9C9CC4B1DF6BE3400A85A48 /* RBQSafeRealmObject.framework in Embed Frameworks */ = {isa = PBXBuildFile; fileRef = F9C9CC441DF6BE1500A85A48 /* RBQSafeRealmObject.framework */; settings = {ATTRIBUTES = (CodeSignOnCopy, RemoveHeadersOnCopy, ); }; };
		F9C9CC4C1DF6BE3400A85A48 /* RealmUtilities.framework in Frameworks */ = {isa = PBXBuildFile; fileRef = F9C9CC451DF6BE1500A85A48 /* RealmUtilities.framework */; };
		F9C9CC4D1DF6BE3400A85A48 /* RealmUtilities.framework in Embed Frameworks */ = {isa = PBXBuildFile; fileRef = F9C9CC451DF6BE1500A85A48 /* RealmUtilities.framework */; settings = {ATTRIBUTES = (CodeSignOnCopy, RemoveHeadersOnCopy, ); }; };
/* End PBXBuildFile section */

/* Begin PBXContainerItemProxy section */
		667F381F1A5B2682008E3052 /* PBXContainerItemProxy */ = {
			isa = PBXContainerItemProxy;
			containerPortal = 667F37FD1A5B2682008E3052 /* Project object */;
			proxyType = 1;
			remoteGlobalIDString = 667F38041A5B2682008E3052;
			remoteInfo = RBQFetchedResultsControllerExample;
		};
		A0951C371C87A50B006AB5D7 /* PBXContainerItemProxy */ = {
			isa = PBXContainerItemProxy;
			containerPortal = A0FBECAA1C56D6E3006E5109 /* RBQFetchedResultsController.xcodeproj */;
			proxyType = 2;
			remoteGlobalIDString = A090E5A01C73B17B0046788B;
			remoteInfo = SwiftFetchedResultsController;
		};
		A0BC27AE1C56D9E400306449 /* PBXContainerItemProxy */ = {
			isa = PBXContainerItemProxy;
			containerPortal = A0FBECAA1C56D6E3006E5109 /* RBQFetchedResultsController.xcodeproj */;
			proxyType = 1;
			remoteGlobalIDString = 6361D7331C4051A8005CD430;
			remoteInfo = RBQFetchedResultsController;
		};
		A0BC27B21C56DA0000306449 /* PBXContainerItemProxy */ = {
			isa = PBXContainerItemProxy;
			containerPortal = A0FBECAA1C56D6E3006E5109 /* RBQFetchedResultsController.xcodeproj */;
			proxyType = 1;
			remoteGlobalIDString = 6361D7331C4051A8005CD430;
			remoteInfo = RBQFetchedResultsController;
		};
		A0FBECAF1C56D6E3006E5109 /* PBXContainerItemProxy */ = {
			isa = PBXContainerItemProxy;
			containerPortal = A0FBECAA1C56D6E3006E5109 /* RBQFetchedResultsController.xcodeproj */;
			proxyType = 2;
			remoteGlobalIDString = 6361D7341C4051A8005CD430;
			remoteInfo = RBQFetchedResultsController;
		};
		A0FBECB11C56D6E3006E5109 /* PBXContainerItemProxy */ = {
			isa = PBXContainerItemProxy;
			containerPortal = A0FBECAA1C56D6E3006E5109 /* RBQFetchedResultsController.xcodeproj */;
			proxyType = 2;
			remoteGlobalIDString = 6361D73E1C4051A8005CD430;
			remoteInfo = RBQFetchedResultsControllerTests;
		};
/* End PBXContainerItemProxy section */

/* Begin PBXCopyFilesBuildPhase section */
		A092AF9C1C56D79600FD6208 /* Embed Frameworks */ = {
			isa = PBXCopyFilesBuildPhase;
			buildActionMask = 2147483647;
			dstPath = "";
			dstSubfolderSpec = 10;
			files = (
				F9C9CC4B1DF6BE3400A85A48 /* RBQSafeRealmObject.framework in Embed Frameworks */,
				F9C9CC4D1DF6BE3400A85A48 /* RealmUtilities.framework in Embed Frameworks */,
				A0951C401C87A5E5006AB5D7 /* Realm.framework in Embed Frameworks */,
				A0BC27B11C56DA0000306449 /* RBQFetchedResultsController.framework in Embed Frameworks */,
			);
			name = "Embed Frameworks";
			runOnlyForDeploymentPostprocessing = 0;
		};
/* End PBXCopyFilesBuildPhase section */

/* Begin PBXFileReference section */
		667F38051A5B2682008E3052 /* RBQFetchedResultsControllerExample.app */ = {isa = PBXFileReference; explicitFileType = wrapper.application; includeInIndex = 0; path = RBQFetchedResultsControllerExample.app; sourceTree = BUILT_PRODUCTS_DIR; };
		667F38091A5B2682008E3052 /* Info.plist */ = {isa = PBXFileReference; lastKnownFileType = text.plist.xml; path = Info.plist; sourceTree = "<group>"; };
		667F380A1A5B2682008E3052 /* main.m */ = {isa = PBXFileReference; lastKnownFileType = sourcecode.c.objc; path = main.m; sourceTree = "<group>"; };
		667F380C1A5B2682008E3052 /* AppDelegate.h */ = {isa = PBXFileReference; lastKnownFileType = sourcecode.c.h; path = AppDelegate.h; sourceTree = "<group>"; };
		667F380D1A5B2682008E3052 /* AppDelegate.m */ = {isa = PBXFileReference; lastKnownFileType = sourcecode.c.objc; path = AppDelegate.m; sourceTree = "<group>"; };
		667F38131A5B2682008E3052 /* Base */ = {isa = PBXFileReference; lastKnownFileType = file.storyboard; name = Base; path = Base.lproj/Main.storyboard; sourceTree = "<group>"; };
		667F38151A5B2682008E3052 /* Images.xcassets */ = {isa = PBXFileReference; lastKnownFileType = folder.assetcatalog; path = Images.xcassets; sourceTree = "<group>"; };
		667F38181A5B2682008E3052 /* Base */ = {isa = PBXFileReference; lastKnownFileType = file.xib; name = Base; path = Base.lproj/LaunchScreen.xib; sourceTree = "<group>"; };
		667F381E1A5B2682008E3052 /* RBQFetchedResultsControllerExampleTests.xctest */ = {isa = PBXFileReference; explicitFileType = wrapper.cfbundle; includeInIndex = 0; path = RBQFetchedResultsControllerExampleTests.xctest; sourceTree = BUILT_PRODUCTS_DIR; };
		667F383D1A5B26C5008E3052 /* TestObject.h */ = {isa = PBXFileReference; fileEncoding = 4; lastKnownFileType = sourcecode.c.h; path = TestObject.h; sourceTree = "<group>"; };
		667F383E1A5B26C5008E3052 /* TestObject.m */ = {isa = PBXFileReference; fileEncoding = 4; lastKnownFileType = sourcecode.c.objc; path = TestObject.m; sourceTree = "<group>"; };
		667F38411A5B27E4008E3052 /* ExampleTableViewController.h */ = {isa = PBXFileReference; fileEncoding = 4; lastKnownFileType = sourcecode.c.h; path = ExampleTableViewController.h; sourceTree = "<group>"; };
		667F38421A5B27E4008E3052 /* ExampleTableViewController.m */ = {isa = PBXFileReference; fileEncoding = 4; lastKnownFileType = sourcecode.c.objc; path = ExampleTableViewController.m; sourceTree = "<group>"; };
		A0951C3E1C87A5E5006AB5D7 /* Realm.framework */ = {isa = PBXFileReference; lastKnownFileType = wrapper.framework; name = Realm.framework; path = ../../Carthage/Build/iOS/Realm.framework; sourceTree = "<group>"; };
		A0FBECAA1C56D6E3006E5109 /* RBQFetchedResultsController.xcodeproj */ = {isa = PBXFileReference; lastKnownFileType = "wrapper.pb-project"; name = RBQFetchedResultsController.xcodeproj; path = ../../RBQFetchedResultsController.xcodeproj; sourceTree = "<group>"; };
		F9C9CC441DF6BE1500A85A48 /* RBQSafeRealmObject.framework */ = {isa = PBXFileReference; lastKnownFileType = wrapper.framework; name = RBQSafeRealmObject.framework; path = ../../Carthage/Build/iOS/RBQSafeRealmObject.framework; sourceTree = "<group>"; };
		F9C9CC451DF6BE1500A85A48 /* RealmUtilities.framework */ = {isa = PBXFileReference; lastKnownFileType = wrapper.framework; name = RealmUtilities.framework; path = ../../Carthage/Build/iOS/RealmUtilities.framework; sourceTree = "<group>"; };
/* End PBXFileReference section */

/* Begin PBXFrameworksBuildPhase section */
		667F38021A5B2682008E3052 /* Frameworks */ = {
			isa = PBXFrameworksBuildPhase;
			buildActionMask = 2147483647;
			files = (
				F9C9CC4A1DF6BE3400A85A48 /* RBQSafeRealmObject.framework in Frameworks */,
				F9C9CC4C1DF6BE3400A85A48 /* RealmUtilities.framework in Frameworks */,
				A0951C3F1C87A5E5006AB5D7 /* Realm.framework in Frameworks */,
				A0BC27B01C56DA0000306449 /* RBQFetchedResultsController.framework in Frameworks */,
			);
			runOnlyForDeploymentPostprocessing = 0;
		};
		667F381B1A5B2682008E3052 /* Frameworks */ = {
			isa = PBXFrameworksBuildPhase;
			buildActionMask = 2147483647;
			files = (
				A0C594D31CCF0D490041A382 /* RBQFetchedResultsController.framework in Frameworks */,
			);
			runOnlyForDeploymentPostprocessing = 0;
		};
/* End PBXFrameworksBuildPhase section */

/* Begin PBXGroup section */
		19B744AA72655FFA5B118084 /* Frameworks */ = {
			isa = PBXGroup;
			children = (
				F9C9CC441DF6BE1500A85A48 /* RBQSafeRealmObject.framework */,
				F9C9CC451DF6BE1500A85A48 /* RealmUtilities.framework */,
				A0951C3E1C87A5E5006AB5D7 /* Realm.framework */,
				A0FBECAA1C56D6E3006E5109 /* RBQFetchedResultsController.xcodeproj */,
			);
			name = Frameworks;
			sourceTree = "<group>";
		};
		667F37FC1A5B2682008E3052 = {
			isa = PBXGroup;
			children = (
				667F38071A5B2682008E3052 /* RBQFetchedResultsControllerExample */,
				667F38061A5B2682008E3052 /* Products */,
				19B744AA72655FFA5B118084 /* Frameworks */,
			);
			sourceTree = "<group>";
		};
		667F38061A5B2682008E3052 /* Products */ = {
			isa = PBXGroup;
			children = (
				667F38051A5B2682008E3052 /* RBQFetchedResultsControllerExample.app */,
				667F381E1A5B2682008E3052 /* RBQFetchedResultsControllerExampleTests.xctest */,
			);
			name = Products;
			sourceTree = "<group>";
		};
		667F38071A5B2682008E3052 /* RBQFetchedResultsControllerExample */ = {
			isa = PBXGroup;
			children = (
				667F380C1A5B2682008E3052 /* AppDelegate.h */,
				667F380D1A5B2682008E3052 /* AppDelegate.m */,
				667F38411A5B27E4008E3052 /* ExampleTableViewController.h */,
				667F38421A5B27E4008E3052 /* ExampleTableViewController.m */,
				667F383D1A5B26C5008E3052 /* TestObject.h */,
				667F383E1A5B26C5008E3052 /* TestObject.m */,
				667F38121A5B2682008E3052 /* Main.storyboard */,
				667F38151A5B2682008E3052 /* Images.xcassets */,
				667F38171A5B2682008E3052 /* LaunchScreen.xib */,
				667F38081A5B2682008E3052 /* Supporting Files */,
			);
			path = RBQFetchedResultsControllerExample;
			sourceTree = "<group>";
		};
		667F38081A5B2682008E3052 /* Supporting Files */ = {
			isa = PBXGroup;
			children = (
				667F38091A5B2682008E3052 /* Info.plist */,
				667F380A1A5B2682008E3052 /* main.m */,
			);
			name = "Supporting Files";
			sourceTree = "<group>";
		};
		A0FBECAB1C56D6E3006E5109 /* Products */ = {
			isa = PBXGroup;
			children = (
				A0FBECB01C56D6E3006E5109 /* RBQFetchedResultsController.framework */,
				A0FBECB21C56D6E3006E5109 /* RBQFetchedResultsController.xctest */,
				A0951C381C87A50B006AB5D7 /* SwiftFetchedResultsController.framework */,
			);
			name = Products;
			sourceTree = "<group>";
		};
/* End PBXGroup section */

/* Begin PBXNativeTarget section */
		667F38041A5B2682008E3052 /* RBQFetchedResultsControllerExample */ = {
			isa = PBXNativeTarget;
			buildConfigurationList = 667F38281A5B2682008E3052 /* Build configuration list for PBXNativeTarget "RBQFetchedResultsControllerExample" */;
			buildPhases = (
				667F38011A5B2682008E3052 /* Sources */,
				667F38021A5B2682008E3052 /* Frameworks */,
				667F38031A5B2682008E3052 /* Resources */,
				A092AF9C1C56D79600FD6208 /* Embed Frameworks */,
			);
			buildRules = (
			);
			dependencies = (
				A0BC27AF1C56D9E400306449 /* PBXTargetDependency */,
				A0BC27B31C56DA0000306449 /* PBXTargetDependency */,
			);
			name = RBQFetchedResultsControllerExample;
			productName = RBQFetchedResultsControllerExample;
			productReference = 667F38051A5B2682008E3052 /* RBQFetchedResultsControllerExample.app */;
			productType = "com.apple.product-type.application";
		};
		667F381D1A5B2682008E3052 /* RBQFetchedResultsControllerExampleTests */ = {
			isa = PBXNativeTarget;
			buildConfigurationList = 667F382B1A5B2682008E3052 /* Build configuration list for PBXNativeTarget "RBQFetchedResultsControllerExampleTests" */;
			buildPhases = (
				667F381A1A5B2682008E3052 /* Sources */,
				667F381B1A5B2682008E3052 /* Frameworks */,
				667F381C1A5B2682008E3052 /* Resources */,
			);
			buildRules = (
			);
			dependencies = (
				667F38201A5B2682008E3052 /* PBXTargetDependency */,
			);
			name = RBQFetchedResultsControllerExampleTests;
			productName = RBQFetchedResultsControllerExampleTests;
			productReference = 667F381E1A5B2682008E3052 /* RBQFetchedResultsControllerExampleTests.xctest */;
			productType = "com.apple.product-type.bundle.unit-test";
		};
/* End PBXNativeTarget section */

/* Begin PBXProject section */
		667F37FD1A5B2682008E3052 /* Project object */ = {
			isa = PBXProject;
			attributes = {
				LastUpgradeCheck = 0810;
				ORGANIZATIONNAME = Roobiq;
				TargetAttributes = {
					667F38041A5B2682008E3052 = {
						CreatedOnToolsVersion = 6.1.1;
					};
					667F381D1A5B2682008E3052 = {
						CreatedOnToolsVersion = 6.1.1;
						TestTargetID = 667F38041A5B2682008E3052;
					};
				};
			};
			buildConfigurationList = 667F38001A5B2682008E3052 /* Build configuration list for PBXProject "RBQFetchedResultsControllerExample" */;
			compatibilityVersion = "Xcode 3.2";
			developmentRegion = English;
			hasScannedForEncodings = 0;
			knownRegions = (
				en,
				Base,
			);
			mainGroup = 667F37FC1A5B2682008E3052;
			productRefGroup = 667F38061A5B2682008E3052 /* Products */;
			projectDirPath = "";
			projectReferences = (
				{
					ProductGroup = A0FBECAB1C56D6E3006E5109 /* Products */;
					ProjectRef = A0FBECAA1C56D6E3006E5109 /* RBQFetchedResultsController.xcodeproj */;
				},
			);
			projectRoot = "";
			targets = (
				667F38041A5B2682008E3052 /* RBQFetchedResultsControllerExample */,
				667F381D1A5B2682008E3052 /* RBQFetchedResultsControllerExampleTests */,
			);
		};
/* End PBXProject section */

/* Begin PBXReferenceProxy section */
		A0951C381C87A50B006AB5D7 /* SwiftFetchedResultsController.framework */ = {
			isa = PBXReferenceProxy;
			fileType = wrapper.framework;
			path = SwiftFetchedResultsController.framework;
			remoteRef = A0951C371C87A50B006AB5D7 /* PBXContainerItemProxy */;
			sourceTree = BUILT_PRODUCTS_DIR;
		};
		A0FBECB01C56D6E3006E5109 /* RBQFetchedResultsController.framework */ = {
			isa = PBXReferenceProxy;
			fileType = wrapper.framework;
			path = RBQFetchedResultsController.framework;
			remoteRef = A0FBECAF1C56D6E3006E5109 /* PBXContainerItemProxy */;
			sourceTree = BUILT_PRODUCTS_DIR;
		};
		A0FBECB21C56D6E3006E5109 /* RBQFetchedResultsController.xctest */ = {
			isa = PBXReferenceProxy;
			fileType = wrapper.cfbundle;
			path = RBQFetchedResultsController.xctest;
			remoteRef = A0FBECB11C56D6E3006E5109 /* PBXContainerItemProxy */;
			sourceTree = BUILT_PRODUCTS_DIR;
		};
/* End PBXReferenceProxy section */

/* Begin PBXResourcesBuildPhase section */
		667F38031A5B2682008E3052 /* Resources */ = {
			isa = PBXResourcesBuildPhase;
			buildActionMask = 2147483647;
			files = (
				667F38141A5B2682008E3052 /* Main.storyboard in Resources */,
				667F38191A5B2682008E3052 /* LaunchScreen.xib in Resources */,
				667F38161A5B2682008E3052 /* Images.xcassets in Resources */,
			);
			runOnlyForDeploymentPostprocessing = 0;
		};
		667F381C1A5B2682008E3052 /* Resources */ = {
			isa = PBXResourcesBuildPhase;
			buildActionMask = 2147483647;
			files = (
			);
			runOnlyForDeploymentPostprocessing = 0;
		};
/* End PBXResourcesBuildPhase section */

/* Begin PBXSourcesBuildPhase section */
		667F38011A5B2682008E3052 /* Sources */ = {
			isa = PBXSourcesBuildPhase;
			buildActionMask = 2147483647;
			files = (
				667F38431A5B27E4008E3052 /* ExampleTableViewController.m in Sources */,
				667F38401A5B26C5008E3052 /* TestObject.m in Sources */,
				667F380E1A5B2682008E3052 /* AppDelegate.m in Sources */,
				667F380B1A5B2682008E3052 /* main.m in Sources */,
			);
			runOnlyForDeploymentPostprocessing = 0;
		};
		667F381A1A5B2682008E3052 /* Sources */ = {
			isa = PBXSourcesBuildPhase;
			buildActionMask = 2147483647;
			files = (
			);
			runOnlyForDeploymentPostprocessing = 0;
		};
/* End PBXSourcesBuildPhase section */

/* Begin PBXTargetDependency section */
		667F38201A5B2682008E3052 /* PBXTargetDependency */ = {
			isa = PBXTargetDependency;
			target = 667F38041A5B2682008E3052 /* RBQFetchedResultsControllerExample */;
			targetProxy = 667F381F1A5B2682008E3052 /* PBXContainerItemProxy */;
		};
		A0BC27AF1C56D9E400306449 /* PBXTargetDependency */ = {
			isa = PBXTargetDependency;
			name = RBQFetchedResultsController;
			targetProxy = A0BC27AE1C56D9E400306449 /* PBXContainerItemProxy */;
		};
		A0BC27B31C56DA0000306449 /* PBXTargetDependency */ = {
			isa = PBXTargetDependency;
			name = RBQFetchedResultsController;
			targetProxy = A0BC27B21C56DA0000306449 /* PBXContainerItemProxy */;
		};
/* End PBXTargetDependency section */

/* Begin PBXVariantGroup section */
		667F38121A5B2682008E3052 /* Main.storyboard */ = {
			isa = PBXVariantGroup;
			children = (
				667F38131A5B2682008E3052 /* Base */,
			);
			name = Main.storyboard;
			sourceTree = "<group>";
		};
		667F38171A5B2682008E3052 /* LaunchScreen.xib */ = {
			isa = PBXVariantGroup;
			children = (
				667F38181A5B2682008E3052 /* Base */,
			);
			name = LaunchScreen.xib;
			sourceTree = "<group>";
		};
/* End PBXVariantGroup section */

/* Begin XCBuildConfiguration section */
		667F38261A5B2682008E3052 /* Debug */ = {
			isa = XCBuildConfiguration;
			buildSettings = {
				ALWAYS_SEARCH_USER_PATHS = NO;
				CLANG_CXX_LANGUAGE_STANDARD = "gnu++0x";
				CLANG_CXX_LIBRARY = "libc++";
				CLANG_ENABLE_MODULES = YES;
				CLANG_ENABLE_OBJC_ARC = YES;
				CLANG_WARN_BOOL_CONVERSION = YES;
				CLANG_WARN_CONSTANT_CONVERSION = YES;
				CLANG_WARN_DIRECT_OBJC_ISA_USAGE = YES_ERROR;
				CLANG_WARN_EMPTY_BODY = YES;
				CLANG_WARN_ENUM_CONVERSION = YES;
				CLANG_WARN_INFINITE_RECURSION = YES;
				CLANG_WARN_INT_CONVERSION = YES;
				CLANG_WARN_OBJC_ROOT_CLASS = YES_ERROR;
				CLANG_WARN_SUSPICIOUS_MOVE = YES;
				CLANG_WARN_UNREACHABLE_CODE = YES;
				CLANG_WARN__DUPLICATE_METHOD_MATCH = YES;
				"CODE_SIGN_IDENTITY[sdk=iphoneos*]" = "iPhone Developer";
				COPY_PHASE_STRIP = NO;
				ENABLE_STRICT_OBJC_MSGSEND = YES;
				ENABLE_TESTABILITY = YES;
				GCC_C_LANGUAGE_STANDARD = gnu99;
				GCC_DYNAMIC_NO_PIC = NO;
				GCC_NO_COMMON_BLOCKS = YES;
				GCC_OPTIMIZATION_LEVEL = 0;
				GCC_PREPROCESSOR_DEFINITIONS = (
					"DEBUG=1",
					"$(inherited)",
				);
				GCC_SYMBOLS_PRIVATE_EXTERN = NO;
				GCC_WARN_64_TO_32_BIT_CONVERSION = YES;
				GCC_WARN_ABOUT_RETURN_TYPE = YES_ERROR;
				GCC_WARN_UNDECLARED_SELECTOR = YES;
				GCC_WARN_UNINITIALIZED_AUTOS = YES_AGGRESSIVE;
				GCC_WARN_UNUSED_FUNCTION = YES;
				GCC_WARN_UNUSED_VARIABLE = YES;
				IPHONEOS_DEPLOYMENT_TARGET = 8.0;
				MTL_ENABLE_DEBUG_INFO = YES;
				ONLY_ACTIVE_ARCH = YES;
				SDKROOT = iphoneos;
				TARGETED_DEVICE_FAMILY = "1,2";
			};
			name = Debug;
		};
		667F38271A5B2682008E3052 /* Release */ = {
			isa = XCBuildConfiguration;
			buildSettings = {
				ALWAYS_SEARCH_USER_PATHS = NO;
				CLANG_CXX_LANGUAGE_STANDARD = "gnu++0x";
				CLANG_CXX_LIBRARY = "libc++";
				CLANG_ENABLE_MODULES = YES;
				CLANG_ENABLE_OBJC_ARC = YES;
				CLANG_WARN_BOOL_CONVERSION = YES;
				CLANG_WARN_CONSTANT_CONVERSION = YES;
				CLANG_WARN_DIRECT_OBJC_ISA_USAGE = YES_ERROR;
				CLANG_WARN_EMPTY_BODY = YES;
				CLANG_WARN_ENUM_CONVERSION = YES;
				CLANG_WARN_INFINITE_RECURSION = YES;
				CLANG_WARN_INT_CONVERSION = YES;
				CLANG_WARN_OBJC_ROOT_CLASS = YES_ERROR;
				CLANG_WARN_SUSPICIOUS_MOVE = YES;
				CLANG_WARN_UNREACHABLE_CODE = YES;
				CLANG_WARN__DUPLICATE_METHOD_MATCH = YES;
				"CODE_SIGN_IDENTITY[sdk=iphoneos*]" = "iPhone Developer";
				COPY_PHASE_STRIP = YES;
				ENABLE_NS_ASSERTIONS = NO;
				ENABLE_STRICT_OBJC_MSGSEND = YES;
				GCC_C_LANGUAGE_STANDARD = gnu99;
				GCC_NO_COMMON_BLOCKS = YES;
				GCC_WARN_64_TO_32_BIT_CONVERSION = YES;
				GCC_WARN_ABOUT_RETURN_TYPE = YES_ERROR;
				GCC_WARN_UNDECLARED_SELECTOR = YES;
				GCC_WARN_UNINITIALIZED_AUTOS = YES_AGGRESSIVE;
				GCC_WARN_UNUSED_FUNCTION = YES;
				GCC_WARN_UNUSED_VARIABLE = YES;
				IPHONEOS_DEPLOYMENT_TARGET = 8.0;
				MTL_ENABLE_DEBUG_INFO = NO;
				SDKROOT = iphoneos;
				TARGETED_DEVICE_FAMILY = "1,2";
				VALIDATE_PRODUCT = YES;
			};
			name = Release;
		};
		667F38291A5B2682008E3052 /* Debug */ = {
			isa = XCBuildConfiguration;
			buildSettings = {
				ASSETCATALOG_COMPILER_APPICON_NAME = AppIcon;
				FRAMEWORK_SEARCH_PATHS = ../../Carthage/Build/iOS/;
				INFOPLIST_FILE = RBQFetchedResultsControllerExample/Info.plist;
				IPHONEOS_DEPLOYMENT_TARGET = 8.0;
				LD_RUNPATH_SEARCH_PATHS = "$(inherited) @executable_path/Frameworks";
				PRODUCT_BUNDLE_IDENTIFIER = "com.Roobiq.$(PRODUCT_NAME:rfc1034identifier)";
				PRODUCT_NAME = "$(TARGET_NAME)";
			};
			name = Debug;
		};
		667F382A1A5B2682008E3052 /* Release */ = {
			isa = XCBuildConfiguration;
			buildSettings = {
				ASSETCATALOG_COMPILER_APPICON_NAME = AppIcon;
				FRAMEWORK_SEARCH_PATHS = ../../Carthage/Build/iOS/;
				INFOPLIST_FILE = RBQFetchedResultsControllerExample/Info.plist;
				IPHONEOS_DEPLOYMENT_TARGET = 8.0;
				LD_RUNPATH_SEARCH_PATHS = "$(inherited) @executable_path/Frameworks";
				PRODUCT_BUNDLE_IDENTIFIER = "com.Roobiq.$(PRODUCT_NAME:rfc1034identifier)";
				PRODUCT_NAME = "$(TARGET_NAME)";
			};
			name = Release;
		};
		667F382C1A5B2682008E3052 /* Debug */ = {
			isa = XCBuildConfiguration;
			buildSettings = {
				BUNDLE_LOADER = "$(TEST_HOST)";
				FRAMEWORK_SEARCH_PATHS = "$(inherited)";
				GCC_PREPROCESSOR_DEFINITIONS = (
					"DEBUG=1",
					"$(inherited)",
				);
				INFOPLIST_FILE = RBQFetchedResultsControllerExampleTests/Info.plist;
				LD_RUNPATH_SEARCH_PATHS = "$(inherited) @executable_path/Frameworks @loader_path/Frameworks";
				PRODUCT_BUNDLE_IDENTIFIER = "com.Roobiq.$(PRODUCT_NAME:rfc1034identifier)";
				PRODUCT_NAME = "$(TARGET_NAME)";
				TEST_HOST = "$(BUILT_PRODUCTS_DIR)/RBQFetchedResultsControllerExample.app/RBQFetchedResultsControllerExample";
			};
			name = Debug;
		};
		667F382D1A5B2682008E3052 /* Release */ = {
			isa = XCBuildConfiguration;
			buildSettings = {
				BUNDLE_LOADER = "$(TEST_HOST)";
				FRAMEWORK_SEARCH_PATHS = "$(inherited)";
				INFOPLIST_FILE = RBQFetchedResultsControllerExampleTests/Info.plist;
				LD_RUNPATH_SEARCH_PATHS = "$(inherited) @executable_path/Frameworks @loader_path/Frameworks";
				PRODUCT_BUNDLE_IDENTIFIER = "com.Roobiq.$(PRODUCT_NAME:rfc1034identifier)";
				PRODUCT_NAME = "$(TARGET_NAME)";
				TEST_HOST = "$(BUILT_PRODUCTS_DIR)/RBQFetchedResultsControllerExample.app/RBQFetchedResultsControllerExample";
			};
			name = Release;
		};
/* End XCBuildConfiguration section */

/* Begin XCConfigurationList section */
		667F38001A5B2682008E3052 /* Build configuration list for PBXProject "RBQFetchedResultsControllerExample" */ = {
			isa = XCConfigurationList;
			buildConfigurations = (
				667F38261A5B2682008E3052 /* Debug */,
				667F38271A5B2682008E3052 /* Release */,
			);
			defaultConfigurationIsVisible = 0;
			defaultConfigurationName = Release;
		};
		667F38281A5B2682008E3052 /* Build configuration list for PBXNativeTarget "RBQFetchedResultsControllerExample" */ = {
			isa = XCConfigurationList;
			buildConfigurations = (
				667F38291A5B2682008E3052 /* Debug */,
				667F382A1A5B2682008E3052 /* Release */,
			);
			defaultConfigurationIsVisible = 0;
			defaultConfigurationName = Release;
		};
		667F382B1A5B2682008E3052 /* Build configuration list for PBXNativeTarget "RBQFetchedResultsControllerExampleTests" */ = {
			isa = XCConfigurationList;
			buildConfigurations = (
				667F382C1A5B2682008E3052 /* Debug */,
				667F382D1A5B2682008E3052 /* Release */,
			);
			defaultConfigurationIsVisible = 0;
			defaultConfigurationName = Release;
		};
/* End XCConfigurationList section */
	};
	rootObject = 667F37FD1A5B2682008E3052 /* Project object */;
}
