// !$*UTF8*$!
{
	archiveVersion = 1;
	classes = {
	};
	objectVersion = 46;
	objects = {

/* Begin PBXBuildFile section */
		17FA8445467D84155B36A094 /* libPods-RBQFetchedResultsControllerExample.a in Frameworks */ = {isa = PBXBuildFile; fileRef = A13FCB967FD2B7FFC0B9713C /* libPods-RBQFetchedResultsControllerExample.a */; };
		4921A5F91B1A643500CA32B7 /* RBQFetchedResultsControllerTests.m in Sources */ = {isa = PBXBuildFile; fileRef = 4921A5F81B1A643500CA32B7 /* RBQFetchedResultsControllerTests.m */; };
		4921A5FF1B1A781F00CA32B7 /* RBQTestCase.m in Sources */ = {isa = PBXBuildFile; fileRef = 4921A5FE1B1A781F00CA32B7 /* RBQTestCase.m */; };
		49527C091B17F47500C115A3 /* RBQSafeRealmObjectTests.m in Sources */ = {isa = PBXBuildFile; fileRef = 49527C081B17F47500C115A3 /* RBQSafeRealmObjectTests.m */; };
		49527C0F1B18144C00C115A3 /* RBQFetchedResultsSectionInfoTests.m in Sources */ = {isa = PBXBuildFile; fileRef = 49527C0E1B18144C00C115A3 /* RBQFetchedResultsSectionInfoTests.m */; };
		49DF57321B17B09900BA8DDC /* RBQFetchRequestTests.m in Sources */ = {isa = PBXBuildFile; fileRef = 49DF57301B17B09900BA8DDC /* RBQFetchRequestTests.m */; };
		660F4C0A1B19413B00492DAE /* RBQFetchRequestInMemoryTests.m in Sources */ = {isa = PBXBuildFile; fileRef = 660F4C091B19413B00492DAE /* RBQFetchRequestInMemoryTests.m */; };
		667F380B1A5B2682008E3052 /* main.m in Sources */ = {isa = PBXBuildFile; fileRef = 667F380A1A5B2682008E3052 /* main.m */; };
		667F380E1A5B2682008E3052 /* AppDelegate.m in Sources */ = {isa = PBXBuildFile; fileRef = 667F380D1A5B2682008E3052 /* AppDelegate.m */; };
		667F38141A5B2682008E3052 /* Main.storyboard in Resources */ = {isa = PBXBuildFile; fileRef = 667F38121A5B2682008E3052 /* Main.storyboard */; };
		667F38161A5B2682008E3052 /* Images.xcassets in Resources */ = {isa = PBXBuildFile; fileRef = 667F38151A5B2682008E3052 /* Images.xcassets */; };
		667F38191A5B2682008E3052 /* LaunchScreen.xib in Resources */ = {isa = PBXBuildFile; fileRef = 667F38171A5B2682008E3052 /* LaunchScreen.xib */; };
		667F38401A5B26C5008E3052 /* TestObject.m in Sources */ = {isa = PBXBuildFile; fileRef = 667F383E1A5B26C5008E3052 /* TestObject.m */; };
		667F38431A5B27E4008E3052 /* ExampleTableViewController.m in Sources */ = {isa = PBXBuildFile; fileRef = 667F38421A5B27E4008E3052 /* ExampleTableViewController.m */; };
		A0519B981C56F84800307EB5 /* RBQControllerCacheObject.m in Sources */ = {isa = PBXBuildFile; fileRef = A0519B6E1C56F84800307EB5 /* RBQControllerCacheObject.m */; };
		A0519B991C56F84800307EB5 /* RBQObjectCacheObject.m in Sources */ = {isa = PBXBuildFile; fileRef = A0519B701C56F84800307EB5 /* RBQObjectCacheObject.m */; };
		A0519B9A1C56F84800307EB5 /* RBQSectionCacheObject.m in Sources */ = {isa = PBXBuildFile; fileRef = A0519B721C56F84800307EB5 /* RBQSectionCacheObject.m */; };
		A0519B9B1C56F84800307EB5 /* RBQFetchedResultsController.m in Sources */ = {isa = PBXBuildFile; fileRef = A0519B741C56F84800307EB5 /* RBQFetchedResultsController.m */; };
		A0519B9C1C56F84800307EB5 /* RBQFetchRequest.m in Sources */ = {isa = PBXBuildFile; fileRef = A0519B761C56F84800307EB5 /* RBQFetchRequest.m */; };
		A0519BA51C56F84800307EB5 /* RBQSafeRealmObject.m in Sources */ = {isa = PBXBuildFile; fileRef = A0519B871C56F84800307EB5 /* RBQSafeRealmObject.m */; };
		A0519BA81C56F84800307EB5 /* RLMObject+SafeObject.m in Sources */ = {isa = PBXBuildFile; fileRef = A0519B8B1C56F84800307EB5 /* RLMObject+SafeObject.m */; };
		A0519BAE1C56F84800307EB5 /* RLMArray+Utilities.m in Sources */ = {isa = PBXBuildFile; fileRef = A0519B931C56F84800307EB5 /* RLMArray+Utilities.m */; };
		A0519BAF1C56F84800307EB5 /* RLMObject+Utilities.m in Sources */ = {isa = PBXBuildFile; fileRef = A0519B951C56F84800307EB5 /* RLMObject+Utilities.m */; };
		A0519BB01C56F84800307EB5 /* RLMObjectBase+Utilities.m in Sources */ = {isa = PBXBuildFile; fileRef = A0519B971C56F84800307EB5 /* RLMObjectBase+Utilities.m */; };
		A0C5E0A91CD7CE6300CD2892 /* RBQFetchedResultsControllerDelegateTests.m in Sources */ = {isa = PBXBuildFile; fileRef = A0C5E0A81CD7CE6300CD2892 /* RBQFetchedResultsControllerDelegateTests.m */; };
		A0C5E0AB1CD7CF3200CD2892 /* RBQFetchedResultsControllerWithSectionsDelegateTests.m in Sources */ = {isa = PBXBuildFile; fileRef = A0C5E0AA1CD7CF3200CD2892 /* RBQFetchedResultsControllerWithSectionsDelegateTests.m */; };
		C4B3210938A228A125D7A4CC /* libPods-RBQFetchedResultsControllerExampleTests.a in Frameworks */ = {isa = PBXBuildFile; fileRef = EB1486A8BB288C322B55EABE /* libPods-RBQFetchedResultsControllerExampleTests.a */; };
/* End PBXBuildFile section */

/* Begin PBXContainerItemProxy section */
		667F381F1A5B2682008E3052 /* PBXContainerItemProxy */ = {
			isa = PBXContainerItemProxy;
			containerPortal = 667F37FD1A5B2682008E3052 /* Project object */;
			proxyType = 1;
			remoteGlobalIDString = 667F38041A5B2682008E3052;
			remoteInfo = RBQFetchedResultsControllerExample;
		};
/* End PBXContainerItemProxy section */

/* Begin PBXFileReference section */
		046CBCDEC612CA02850EB2FF /* libPods.a */ = {isa = PBXFileReference; explicitFileType = archive.ar; includeInIndex = 0; path = libPods.a; sourceTree = BUILT_PRODUCTS_DIR; };
		23DF3779C69223EEBB05695E /* Pods-RBQFetchedResultsControllerExample.release.xcconfig */ = {isa = PBXFileReference; includeInIndex = 1; lastKnownFileType = text.xcconfig; name = "Pods-RBQFetchedResultsControllerExample.release.xcconfig"; path = "Pods/Target Support Files/Pods-RBQFetchedResultsControllerExample/Pods-RBQFetchedResultsControllerExample.release.xcconfig"; sourceTree = "<group>"; };
		24302DAE5BB92578C9C97C31 /* Pods-RBQFetchedResultsControllerExample.debug.xcconfig */ = {isa = PBXFileReference; includeInIndex = 1; lastKnownFileType = text.xcconfig; name = "Pods-RBQFetchedResultsControllerExample.debug.xcconfig"; path = "Pods/Target Support Files/Pods-RBQFetchedResultsControllerExample/Pods-RBQFetchedResultsControllerExample.debug.xcconfig"; sourceTree = "<group>"; };
		4921A5F81B1A643500CA32B7 /* RBQFetchedResultsControllerTests.m */ = {isa = PBXFileReference; fileEncoding = 4; lastKnownFileType = sourcecode.c.objc; path = RBQFetchedResultsControllerTests.m; sourceTree = "<group>"; };
		4921A5FD1B1A781F00CA32B7 /* RBQTestCase.h */ = {isa = PBXFileReference; fileEncoding = 4; lastKnownFileType = sourcecode.c.h; path = RBQTestCase.h; sourceTree = "<group>"; };
		4921A5FE1B1A781F00CA32B7 /* RBQTestCase.m */ = {isa = PBXFileReference; fileEncoding = 4; lastKnownFileType = sourcecode.c.objc; path = RBQTestCase.m; sourceTree = "<group>"; };
		49527C081B17F47500C115A3 /* RBQSafeRealmObjectTests.m */ = {isa = PBXFileReference; fileEncoding = 4; lastKnownFileType = sourcecode.c.objc; path = RBQSafeRealmObjectTests.m; sourceTree = "<group>"; };
		49527C0E1B18144C00C115A3 /* RBQFetchedResultsSectionInfoTests.m */ = {isa = PBXFileReference; fileEncoding = 4; lastKnownFileType = sourcecode.c.objc; path = RBQFetchedResultsSectionInfoTests.m; sourceTree = "<group>"; };
		49DF57301B17B09900BA8DDC /* RBQFetchRequestTests.m */ = {isa = PBXFileReference; fileEncoding = 4; lastKnownFileType = sourcecode.c.objc; path = RBQFetchRequestTests.m; sourceTree = "<group>"; };
		55AAFFD7A898D4859B81F711 /* Pods.release.xcconfig */ = {isa = PBXFileReference; includeInIndex = 1; lastKnownFileType = text.xcconfig; name = Pods.release.xcconfig; path = "Pods/Target Support Files/Pods/Pods.release.xcconfig"; sourceTree = "<group>"; };
		660F4C091B19413B00492DAE /* RBQFetchRequestInMemoryTests.m */ = {isa = PBXFileReference; fileEncoding = 4; lastKnownFileType = sourcecode.c.objc; path = RBQFetchRequestInMemoryTests.m; sourceTree = "<group>"; };
		667F38051A5B2682008E3052 /* RBQFetchedResultsControllerExample.app */ = {isa = PBXFileReference; explicitFileType = wrapper.application; includeInIndex = 0; path = RBQFetchedResultsControllerExample.app; sourceTree = BUILT_PRODUCTS_DIR; };
		667F38091A5B2682008E3052 /* Info.plist */ = {isa = PBXFileReference; lastKnownFileType = text.plist.xml; path = Info.plist; sourceTree = "<group>"; };
		667F380A1A5B2682008E3052 /* main.m */ = {isa = PBXFileReference; lastKnownFileType = sourcecode.c.objc; path = main.m; sourceTree = "<group>"; };
		667F380C1A5B2682008E3052 /* AppDelegate.h */ = {isa = PBXFileReference; lastKnownFileType = sourcecode.c.h; path = AppDelegate.h; sourceTree = "<group>"; };
		667F380D1A5B2682008E3052 /* AppDelegate.m */ = {isa = PBXFileReference; lastKnownFileType = sourcecode.c.objc; path = AppDelegate.m; sourceTree = "<group>"; };
		667F38131A5B2682008E3052 /* Base */ = {isa = PBXFileReference; lastKnownFileType = file.storyboard; name = Base; path = Base.lproj/Main.storyboard; sourceTree = "<group>"; };
		667F38151A5B2682008E3052 /* Images.xcassets */ = {isa = PBXFileReference; lastKnownFileType = folder.assetcatalog; path = Images.xcassets; sourceTree = "<group>"; };
		667F38181A5B2682008E3052 /* Base */ = {isa = PBXFileReference; lastKnownFileType = file.xib; name = Base; path = Base.lproj/LaunchScreen.xib; sourceTree = "<group>"; };
		667F381E1A5B2682008E3052 /* RBQFetchedResultsControllerExampleTests.xctest */ = {isa = PBXFileReference; explicitFileType = wrapper.cfbundle; includeInIndex = 0; path = RBQFetchedResultsControllerExampleTests.xctest; sourceTree = BUILT_PRODUCTS_DIR; };
		667F38231A5B2682008E3052 /* Info.plist */ = {isa = PBXFileReference; lastKnownFileType = text.plist.xml; path = Info.plist; sourceTree = "<group>"; };
		667F383D1A5B26C5008E3052 /* TestObject.h */ = {isa = PBXFileReference; fileEncoding = 4; lastKnownFileType = sourcecode.c.h; path = TestObject.h; sourceTree = "<group>"; };
		667F383E1A5B26C5008E3052 /* TestObject.m */ = {isa = PBXFileReference; fileEncoding = 4; lastKnownFileType = sourcecode.c.objc; path = TestObject.m; sourceTree = "<group>"; };
		667F38411A5B27E4008E3052 /* ExampleTableViewController.h */ = {isa = PBXFileReference; fileEncoding = 4; lastKnownFileType = sourcecode.c.h; path = ExampleTableViewController.h; sourceTree = "<group>"; };
		667F38421A5B27E4008E3052 /* ExampleTableViewController.m */ = {isa = PBXFileReference; fileEncoding = 4; lastKnownFileType = sourcecode.c.objc; path = ExampleTableViewController.m; sourceTree = "<group>"; };
		A0519B6D1C56F84800307EB5 /* RBQControllerCacheObject.h */ = {isa = PBXFileReference; fileEncoding = 4; lastKnownFileType = sourcecode.c.h; path = RBQControllerCacheObject.h; sourceTree = "<group>"; };
		A0519B6E1C56F84800307EB5 /* RBQControllerCacheObject.m */ = {isa = PBXFileReference; fileEncoding = 4; lastKnownFileType = sourcecode.c.objc; path = RBQControllerCacheObject.m; sourceTree = "<group>"; };
		A0519B6F1C56F84800307EB5 /* RBQObjectCacheObject.h */ = {isa = PBXFileReference; fileEncoding = 4; lastKnownFileType = sourcecode.c.h; path = RBQObjectCacheObject.h; sourceTree = "<group>"; };
		A0519B701C56F84800307EB5 /* RBQObjectCacheObject.m */ = {isa = PBXFileReference; fileEncoding = 4; lastKnownFileType = sourcecode.c.objc; path = RBQObjectCacheObject.m; sourceTree = "<group>"; };
		A0519B711C56F84800307EB5 /* RBQSectionCacheObject.h */ = {isa = PBXFileReference; fileEncoding = 4; lastKnownFileType = sourcecode.c.h; path = RBQSectionCacheObject.h; sourceTree = "<group>"; };
		A0519B721C56F84800307EB5 /* RBQSectionCacheObject.m */ = {isa = PBXFileReference; fileEncoding = 4; lastKnownFileType = sourcecode.c.objc; path = RBQSectionCacheObject.m; sourceTree = "<group>"; };
		A0519B731C56F84800307EB5 /* RBQFetchedResultsController.h */ = {isa = PBXFileReference; fileEncoding = 4; lastKnownFileType = sourcecode.c.h; name = RBQFetchedResultsController.h; path = ../../RBQFetchedResultsController/Source/RBQFetchedResultsController.h; sourceTree = "<group>"; };
		A0519B741C56F84800307EB5 /* RBQFetchedResultsController.m */ = {isa = PBXFileReference; fileEncoding = 4; lastKnownFileType = sourcecode.c.objc; name = RBQFetchedResultsController.m; path = ../../RBQFetchedResultsController/Source/RBQFetchedResultsController.m; sourceTree = "<group>"; };
		A0519B751C56F84800307EB5 /* RBQFetchRequest.h */ = {isa = PBXFileReference; fileEncoding = 4; lastKnownFileType = sourcecode.c.h; name = RBQFetchRequest.h; path = ../../RBQFetchedResultsController/Source/RBQFetchRequest.h; sourceTree = "<group>"; };
		A0519B761C56F84800307EB5 /* RBQFetchRequest.m */ = {isa = PBXFileReference; fileEncoding = 4; lastKnownFileType = sourcecode.c.objc; name = RBQFetchRequest.m; path = ../../RBQFetchedResultsController/Source/RBQFetchRequest.m; sourceTree = "<group>"; };
		A0519B861C56F84800307EB5 /* RBQSafeRealmObject.h */ = {isa = PBXFileReference; fileEncoding = 4; lastKnownFileType = sourcecode.c.h; path = RBQSafeRealmObject.h; sourceTree = "<group>"; };
		A0519B871C56F84800307EB5 /* RBQSafeRealmObject.m */ = {isa = PBXFileReference; fileEncoding = 4; lastKnownFileType = sourcecode.c.objc; path = RBQSafeRealmObject.m; sourceTree = "<group>"; };
		A0519B8A1C56F84800307EB5 /* RLMObject+SafeObject.h */ = {isa = PBXFileReference; fileEncoding = 4; lastKnownFileType = sourcecode.c.h; path = "RLMObject+SafeObject.h"; sourceTree = "<group>"; };
		A0519B8B1C56F84800307EB5 /* RLMObject+SafeObject.m */ = {isa = PBXFileReference; fileEncoding = 4; lastKnownFileType = sourcecode.c.objc; path = "RLMObject+SafeObject.m"; sourceTree = "<group>"; };
		A0519B921C56F84800307EB5 /* RLMArray+Utilities.h */ = {isa = PBXFileReference; fileEncoding = 4; lastKnownFileType = sourcecode.c.h; path = "RLMArray+Utilities.h"; sourceTree = "<group>"; };
		A0519B931C56F84800307EB5 /* RLMArray+Utilities.m */ = {isa = PBXFileReference; fileEncoding = 4; lastKnownFileType = sourcecode.c.objc; path = "RLMArray+Utilities.m"; sourceTree = "<group>"; };
		A0519B941C56F84800307EB5 /* RLMObject+Utilities.h */ = {isa = PBXFileReference; fileEncoding = 4; lastKnownFileType = sourcecode.c.h; path = "RLMObject+Utilities.h"; sourceTree = "<group>"; };
		A0519B951C56F84800307EB5 /* RLMObject+Utilities.m */ = {isa = PBXFileReference; fileEncoding = 4; lastKnownFileType = sourcecode.c.objc; path = "RLMObject+Utilities.m"; sourceTree = "<group>"; };
		A0519B961C56F84800307EB5 /* RLMObjectBase+Utilities.h */ = {isa = PBXFileReference; fileEncoding = 4; lastKnownFileType = sourcecode.c.h; path = "RLMObjectBase+Utilities.h"; sourceTree = "<group>"; };
		A0519B971C56F84800307EB5 /* RLMObjectBase+Utilities.m */ = {isa = PBXFileReference; fileEncoding = 4; lastKnownFileType = sourcecode.c.objc; path = "RLMObjectBase+Utilities.m"; sourceTree = "<group>"; };
		A0C5E0A81CD7CE6300CD2892 /* RBQFetchedResultsControllerDelegateTests.m */ = {isa = PBXFileReference; fileEncoding = 4; lastKnownFileType = sourcecode.c.objc; path = RBQFetchedResultsControllerDelegateTests.m; sourceTree = "<group>"; };
		A0C5E0AA1CD7CF3200CD2892 /* RBQFetchedResultsControllerWithSectionsDelegateTests.m */ = {isa = PBXFileReference; fileEncoding = 4; lastKnownFileType = sourcecode.c.objc; path = RBQFetchedResultsControllerWithSectionsDelegateTests.m; sourceTree = "<group>"; };
		A13FCB967FD2B7FFC0B9713C /* libPods-RBQFetchedResultsControllerExample.a */ = {isa = PBXFileReference; explicitFileType = archive.ar; includeInIndex = 0; path = "libPods-RBQFetchedResultsControllerExample.a"; sourceTree = BUILT_PRODUCTS_DIR; };
		A1E9F0B065E9219B62951CAC /* Pods.debug.xcconfig */ = {isa = PBXFileReference; includeInIndex = 1; lastKnownFileType = text.xcconfig; name = Pods.debug.xcconfig; path = "Pods/Target Support Files/Pods/Pods.debug.xcconfig"; sourceTree = "<group>"; };
		C2E60F6FE175B391587A17E0 /* Pods-RBQFetchedResultsControllerExampleTests.release.xcconfig */ = {isa = PBXFileReference; includeInIndex = 1; lastKnownFileType = text.xcconfig; name = "Pods-RBQFetchedResultsControllerExampleTests.release.xcconfig"; path = "Pods/Target Support Files/Pods-RBQFetchedResultsControllerExampleTests/Pods-RBQFetchedResultsControllerExampleTests.release.xcconfig"; sourceTree = "<group>"; };
		EB1486A8BB288C322B55EABE /* libPods-RBQFetchedResultsControllerExampleTests.a */ = {isa = PBXFileReference; explicitFileType = archive.ar; includeInIndex = 0; path = "libPods-RBQFetchedResultsControllerExampleTests.a"; sourceTree = BUILT_PRODUCTS_DIR; };
		F37DD26C52E0B721F48A0FF9 /* Pods-RBQFetchedResultsControllerExampleTests.debug.xcconfig */ = {isa = PBXFileReference; includeInIndex = 1; lastKnownFileType = text.xcconfig; name = "Pods-RBQFetchedResultsControllerExampleTests.debug.xcconfig"; path = "Pods/Target Support Files/Pods-RBQFetchedResultsControllerExampleTests/Pods-RBQFetchedResultsControllerExampleTests.debug.xcconfig"; sourceTree = "<group>"; };
/* End PBXFileReference section */

/* Begin PBXFrameworksBuildPhase section */
		667F38021A5B2682008E3052 /* Frameworks */ = {
			isa = PBXFrameworksBuildPhase;
			buildActionMask = 2147483647;
			files = (
				17FA8445467D84155B36A094 /* libPods-RBQFetchedResultsControllerExample.a in Frameworks */,
			);
			runOnlyForDeploymentPostprocessing = 0;
		};
		667F381B1A5B2682008E3052 /* Frameworks */ = {
			isa = PBXFrameworksBuildPhase;
			buildActionMask = 2147483647;
			files = (
				C4B3210938A228A125D7A4CC /* libPods-RBQFetchedResultsControllerExampleTests.a in Frameworks */,
			);
			runOnlyForDeploymentPostprocessing = 0;
		};
/* End PBXFrameworksBuildPhase section */

/* Begin PBXGroup section */
		19B744AA72655FFA5B118084 /* Frameworks */ = {
			isa = PBXGroup;
			children = (
				046CBCDEC612CA02850EB2FF /* libPods.a */,
				A13FCB967FD2B7FFC0B9713C /* libPods-RBQFetchedResultsControllerExample.a */,
				EB1486A8BB288C322B55EABE /* libPods-RBQFetchedResultsControllerExampleTests.a */,
			);
			name = Frameworks;
			sourceTree = "<group>";
		};
		667F37FC1A5B2682008E3052 = {
			isa = PBXGroup;
			children = (
				667F38071A5B2682008E3052 /* RBQFetchedResultsControllerExample */,
				667F38211A5B2682008E3052 /* RBQFetchedResultsControllerExampleTests */,
				667F38061A5B2682008E3052 /* Products */,
				753B940FE5FE0F2FD5324C04 /* Pods */,
				19B744AA72655FFA5B118084 /* Frameworks */,
			);
			sourceTree = "<group>";
		};
		667F38061A5B2682008E3052 /* Products */ = {
			isa = PBXGroup;
			children = (
				667F38051A5B2682008E3052 /* RBQFetchedResultsControllerExample.app */,
				667F381E1A5B2682008E3052 /* RBQFetchedResultsControllerExampleTests.xctest */,
			);
			name = Products;
			sourceTree = "<group>";
		};
		667F38071A5B2682008E3052 /* RBQFetchedResultsControllerExample */ = {
			isa = PBXGroup;
			children = (
				A08908ED1B8F95EB002E87DD /* RBQFetchedResultsController */,
				667F380C1A5B2682008E3052 /* AppDelegate.h */,
				667F380D1A5B2682008E3052 /* AppDelegate.m */,
				667F38411A5B27E4008E3052 /* ExampleTableViewController.h */,
				667F38421A5B27E4008E3052 /* ExampleTableViewController.m */,
				667F383D1A5B26C5008E3052 /* TestObject.h */,
				667F383E1A5B26C5008E3052 /* TestObject.m */,
				667F38121A5B2682008E3052 /* Main.storyboard */,
				667F38151A5B2682008E3052 /* Images.xcassets */,
				667F38171A5B2682008E3052 /* LaunchScreen.xib */,
				667F38081A5B2682008E3052 /* Supporting Files */,
			);
			path = RBQFetchedResultsControllerExample;
			sourceTree = "<group>";
		};
		667F38081A5B2682008E3052 /* Supporting Files */ = {
			isa = PBXGroup;
			children = (
				667F38091A5B2682008E3052 /* Info.plist */,
				667F380A1A5B2682008E3052 /* main.m */,
			);
			name = "Supporting Files";
			sourceTree = "<group>";
		};
		667F38211A5B2682008E3052 /* RBQFetchedResultsControllerExampleTests */ = {
			isa = PBXGroup;
			children = (
				4921A5FD1B1A781F00CA32B7 /* RBQTestCase.h */,
				4921A5FE1B1A781F00CA32B7 /* RBQTestCase.m */,
				4921A5F81B1A643500CA32B7 /* RBQFetchedResultsControllerTests.m */,
				A0C5E0A81CD7CE6300CD2892 /* RBQFetchedResultsControllerDelegateTests.m */,
				A0C5E0AA1CD7CF3200CD2892 /* RBQFetchedResultsControllerWithSectionsDelegateTests.m */,
				49DF57301B17B09900BA8DDC /* RBQFetchRequestTests.m */,
				660F4C091B19413B00492DAE /* RBQFetchRequestInMemoryTests.m */,
				49527C081B17F47500C115A3 /* RBQSafeRealmObjectTests.m */,
				49527C0E1B18144C00C115A3 /* RBQFetchedResultsSectionInfoTests.m */,
				667F38221A5B2682008E3052 /* Supporting Files */,
			);
			path = RBQFetchedResultsControllerExampleTests;
			sourceTree = "<group>";
		};
		667F38221A5B2682008E3052 /* Supporting Files */ = {
			isa = PBXGroup;
			children = (
				667F38231A5B2682008E3052 /* Info.plist */,
			);
			name = "Supporting Files";
			sourceTree = "<group>";
		};
		753B940FE5FE0F2FD5324C04 /* Pods */ = {
			isa = PBXGroup;
			children = (
				A1E9F0B065E9219B62951CAC /* Pods.debug.xcconfig */,
				55AAFFD7A898D4859B81F711 /* Pods.release.xcconfig */,
				24302DAE5BB92578C9C97C31 /* Pods-RBQFetchedResultsControllerExample.debug.xcconfig */,
				23DF3779C69223EEBB05695E /* Pods-RBQFetchedResultsControllerExample.release.xcconfig */,
				F37DD26C52E0B721F48A0FF9 /* Pods-RBQFetchedResultsControllerExampleTests.debug.xcconfig */,
				C2E60F6FE175B391587A17E0 /* Pods-RBQFetchedResultsControllerExampleTests.release.xcconfig */,
			);
			name = Pods;
			sourceTree = "<group>";
		};
		A0519B6C1C56F84800307EB5 /* CacheObjects */ = {
			isa = PBXGroup;
			children = (
				A0519B6D1C56F84800307EB5 /* RBQControllerCacheObject.h */,
				A0519B6E1C56F84800307EB5 /* RBQControllerCacheObject.m */,
				A0519B6F1C56F84800307EB5 /* RBQObjectCacheObject.h */,
				A0519B701C56F84800307EB5 /* RBQObjectCacheObject.m */,
				A0519B711C56F84800307EB5 /* RBQSectionCacheObject.h */,
				A0519B721C56F84800307EB5 /* RBQSectionCacheObject.m */,
			);
			name = CacheObjects;
			path = ../../RBQFetchedResultsController/Source/CacheObjects;
			sourceTree = "<group>";
		};
		A0519B831C56F84800307EB5 /* RBQSafeRealmObject */ = {
			isa = PBXGroup;
			children = (
				A0519B861C56F84800307EB5 /* RBQSafeRealmObject.h */,
				A0519B871C56F84800307EB5 /* RBQSafeRealmObject.m */,
				A0519B8A1C56F84800307EB5 /* RLMObject+SafeObject.h */,
				A0519B8B1C56F84800307EB5 /* RLMObject+SafeObject.m */,
			);
			name = RBQSafeRealmObject;
			path = ../../RBQFetchedResultsController/Source/RBQSafeRealmObject;
			sourceTree = "<group>";
		};
		A0519B8E1C56F84800307EB5 /* RealmUtilities */ = {
			isa = PBXGroup;
			children = (
				A0519B921C56F84800307EB5 /* RLMArray+Utilities.h */,
				A0519B931C56F84800307EB5 /* RLMArray+Utilities.m */,
				A0519B941C56F84800307EB5 /* RLMObject+Utilities.h */,
				A0519B951C56F84800307EB5 /* RLMObject+Utilities.m */,
				A0519B961C56F84800307EB5 /* RLMObjectBase+Utilities.h */,
				A0519B971C56F84800307EB5 /* RLMObjectBase+Utilities.m */,
			);
			name = RealmUtilities;
			path = ../../RBQFetchedResultsController/Source/RealmUtilities;
			sourceTree = "<group>";
		};
		A08908ED1B8F95EB002E87DD /* RBQFetchedResultsController */ = {
			isa = PBXGroup;
			children = (
				A0519B6C1C56F84800307EB5 /* CacheObjects */,
				A0519B731C56F84800307EB5 /* RBQFetchedResultsController.h */,
				A0519B741C56F84800307EB5 /* RBQFetchedResultsController.m */,
				A0519B751C56F84800307EB5 /* RBQFetchRequest.h */,
				A0519B761C56F84800307EB5 /* RBQFetchRequest.m */,
				A0519B831C56F84800307EB5 /* RBQSafeRealmObject */,
				A0519B8E1C56F84800307EB5 /* RealmUtilities */,
			);
			name = RBQFetchedResultsController;
			path = ../../RBQFetchedResultsController;
			sourceTree = "<group>";
		};
/* End PBXGroup section */

/* Begin PBXNativeTarget section */
		667F38041A5B2682008E3052 /* RBQFetchedResultsControllerExample */ = {
			isa = PBXNativeTarget;
			buildConfigurationList = 667F38281A5B2682008E3052 /* Build configuration list for PBXNativeTarget "RBQFetchedResultsControllerExample" */;
			buildPhases = (
				C2363A6E112DFA1F5D0CC63D /* Check Pods Manifest.lock */,
				667F38011A5B2682008E3052 /* Sources */,
				667F38021A5B2682008E3052 /* Frameworks */,
				667F38031A5B2682008E3052 /* Resources */,
				B9BFA561CD25E6C9E9B29EFC /* Copy Pods Resources */,
				6B57DA87B5F6EBBD43419156 /* Embed Pods Frameworks */,
			);
			buildRules = (
			);
			dependencies = (
			);
			name = RBQFetchedResultsControllerExample;
			productName = RBQFetchedResultsControllerExample;
			productReference = 667F38051A5B2682008E3052 /* RBQFetchedResultsControllerExample.app */;
			productType = "com.apple.product-type.application";
		};
		667F381D1A5B2682008E3052 /* RBQFetchedResultsControllerExampleTests */ = {
			isa = PBXNativeTarget;
			buildConfigurationList = 667F382B1A5B2682008E3052 /* Build configuration list for PBXNativeTarget "RBQFetchedResultsControllerExampleTests" */;
			buildPhases = (
				9B401FA15D601D5CB3315A09 /* Check Pods Manifest.lock */,
				667F381A1A5B2682008E3052 /* Sources */,
				667F381B1A5B2682008E3052 /* Frameworks */,
				667F381C1A5B2682008E3052 /* Resources */,
				B6FCDB37CDC4597707C67FAB /* Copy Pods Resources */,
				02E18E61C6FBFC5EC1EEF01A /* Embed Pods Frameworks */,
			);
			buildRules = (
			);
			dependencies = (
				667F38201A5B2682008E3052 /* PBXTargetDependency */,
			);
			name = RBQFetchedResultsControllerExampleTests;
			productName = RBQFetchedResultsControllerExampleTests;
			productReference = 667F381E1A5B2682008E3052 /* RBQFetchedResultsControllerExampleTests.xctest */;
			productType = "com.apple.product-type.bundle.unit-test";
		};
/* End PBXNativeTarget section */

/* Begin PBXProject section */
		667F37FD1A5B2682008E3052 /* Project object */ = {
			isa = PBXProject;
			attributes = {
				LastUpgradeCheck = 0730;
				ORGANIZATIONNAME = Roobiq;
				TargetAttributes = {
					667F38041A5B2682008E3052 = {
						CreatedOnToolsVersion = 6.1.1;
					};
					667F381D1A5B2682008E3052 = {
						CreatedOnToolsVersion = 6.1.1;
						TestTargetID = 667F38041A5B2682008E3052;
					};
				};
			};
			buildConfigurationList = 667F38001A5B2682008E3052 /* Build configuration list for PBXProject "RBQFetchedResultsControllerExample" */;
			compatibilityVersion = "Xcode 3.2";
			developmentRegion = English;
			hasScannedForEncodings = 0;
			knownRegions = (
				en,
				Base,
			);
			mainGroup = 667F37FC1A5B2682008E3052;
			productRefGroup = 667F38061A5B2682008E3052 /* Products */;
			projectDirPath = "";
			projectRoot = "";
			targets = (
				667F38041A5B2682008E3052 /* RBQFetchedResultsControllerExample */,
				667F381D1A5B2682008E3052 /* RBQFetchedResultsControllerExampleTests */,
			);
		};
/* End PBXProject section */

/* Begin PBXResourcesBuildPhase section */
		667F38031A5B2682008E3052 /* Resources */ = {
			isa = PBXResourcesBuildPhase;
			buildActionMask = 2147483647;
			files = (
				667F38141A5B2682008E3052 /* Main.storyboard in Resources */,
				667F38191A5B2682008E3052 /* LaunchScreen.xib in Resources */,
				667F38161A5B2682008E3052 /* Images.xcassets in Resources */,
			);
			runOnlyForDeploymentPostprocessing = 0;
		};
		667F381C1A5B2682008E3052 /* Resources */ = {
			isa = PBXResourcesBuildPhase;
			buildActionMask = 2147483647;
			files = (
			);
			runOnlyForDeploymentPostprocessing = 0;
		};
/* End PBXResourcesBuildPhase section */

/* Begin PBXShellScriptBuildPhase section */
		02E18E61C6FBFC5EC1EEF01A /* Embed Pods Frameworks */ = {
			isa = PBXShellScriptBuildPhase;
			buildActionMask = 2147483647;
			files = (
			);
			inputPaths = (
			);
			name = "Embed Pods Frameworks";
			outputPaths = (
			);
			runOnlyForDeploymentPostprocessing = 0;
			shellPath = /bin/sh;
			shellScript = "\"${SRCROOT}/Pods/Target Support Files/Pods-RBQFetchedResultsControllerExampleTests/Pods-RBQFetchedResultsControllerExampleTests-frameworks.sh\"\n";
			showEnvVarsInLog = 0;
		};
		6B57DA87B5F6EBBD43419156 /* Embed Pods Frameworks */ = {
			isa = PBXShellScriptBuildPhase;
			buildActionMask = 2147483647;
			files = (
			);
			inputPaths = (
			);
			name = "Embed Pods Frameworks";
			outputPaths = (
			);
			runOnlyForDeploymentPostprocessing = 0;
			shellPath = /bin/sh;
			shellScript = "\"${SRCROOT}/Pods/Target Support Files/Pods-RBQFetchedResultsControllerExample/Pods-RBQFetchedResultsControllerExample-frameworks.sh\"\n";
			showEnvVarsInLog = 0;
		};
		9B401FA15D601D5CB3315A09 /* Check Pods Manifest.lock */ = {
			isa = PBXShellScriptBuildPhase;
			buildActionMask = 2147483647;
			files = (
			);
			inputPaths = (
			);
			name = "Check Pods Manifest.lock";
			outputPaths = (
			);
			runOnlyForDeploymentPostprocessing = 0;
			shellPath = /bin/sh;
			shellScript = "diff \"${PODS_ROOT}/../Podfile.lock\" \"${PODS_ROOT}/Manifest.lock\" > /dev/null\nif [[ $? != 0 ]] ; then\n    cat << EOM\nerror: The sandbox is not in sync with the Podfile.lock. Run 'pod install' or update your CocoaPods installation.\nEOM\n    exit 1\nfi\n";
			showEnvVarsInLog = 0;
		};
		B6FCDB37CDC4597707C67FAB /* Copy Pods Resources */ = {
			isa = PBXShellScriptBuildPhase;
			buildActionMask = 2147483647;
			files = (
			);
			inputPaths = (
			);
			name = "Copy Pods Resources";
			outputPaths = (
			);
			runOnlyForDeploymentPostprocessing = 0;
			shellPath = /bin/sh;
			shellScript = "\"${SRCROOT}/Pods/Target Support Files/Pods-RBQFetchedResultsControllerExampleTests/Pods-RBQFetchedResultsControllerExampleTests-resources.sh\"\n";
			showEnvVarsInLog = 0;
		};
		B9BFA561CD25E6C9E9B29EFC /* Copy Pods Resources */ = {
			isa = PBXShellScriptBuildPhase;
			buildActionMask = 2147483647;
			files = (
			);
			inputPaths = (
			);
			name = "Copy Pods Resources";
			outputPaths = (
			);
			runOnlyForDeploymentPostprocessing = 0;
			shellPath = /bin/sh;
			shellScript = "\"${SRCROOT}/Pods/Target Support Files/Pods-RBQFetchedResultsControllerExample/Pods-RBQFetchedResultsControllerExample-resources.sh\"\n";
			showEnvVarsInLog = 0;
		};
		C2363A6E112DFA1F5D0CC63D /* Check Pods Manifest.lock */ = {
			isa = PBXShellScriptBuildPhase;
			buildActionMask = 2147483647;
			files = (
			);
			inputPaths = (
			);
			name = "Check Pods Manifest.lock";
			outputPaths = (
			);
			runOnlyForDeploymentPostprocessing = 0;
			shellPath = /bin/sh;
			shellScript = "diff \"${PODS_ROOT}/../Podfile.lock\" \"${PODS_ROOT}/Manifest.lock\" > /dev/null\nif [[ $? != 0 ]] ; then\n    cat << EOM\nerror: The sandbox is not in sync with the Podfile.lock. Run 'pod install' or update your CocoaPods installation.\nEOM\n    exit 1\nfi\n";
			showEnvVarsInLog = 0;
		};
/* End PBXShellScriptBuildPhase section */

/* Begin PBXSourcesBuildPhase section */
		667F38011A5B2682008E3052 /* Sources */ = {
			isa = PBXSourcesBuildPhase;
			buildActionMask = 2147483647;
			files = (
				667F38431A5B27E4008E3052 /* ExampleTableViewController.m in Sources */,
				667F38401A5B26C5008E3052 /* TestObject.m in Sources */,
				A0519B981C56F84800307EB5 /* RBQControllerCacheObject.m in Sources */,
				A0519BAE1C56F84800307EB5 /* RLMArray+Utilities.m in Sources */,
				A0519BA81C56F84800307EB5 /* RLMObject+SafeObject.m in Sources */,
				A0519B9C1C56F84800307EB5 /* RBQFetchRequest.m in Sources */,
				A0519BB01C56F84800307EB5 /* RLMObjectBase+Utilities.m in Sources */,
				667F380E1A5B2682008E3052 /* AppDelegate.m in Sources */,
				A0519B991C56F84800307EB5 /* RBQObjectCacheObject.m in Sources */,
				A0519BAF1C56F84800307EB5 /* RLMObject+Utilities.m in Sources */,
				A0519BA51C56F84800307EB5 /* RBQSafeRealmObject.m in Sources */,
				667F380B1A5B2682008E3052 /* main.m in Sources */,
				A0519B9B1C56F84800307EB5 /* RBQFetchedResultsController.m in Sources */,
				A0519B9A1C56F84800307EB5 /* RBQSectionCacheObject.m in Sources */,
			);
			runOnlyForDeploymentPostprocessing = 0;
		};
		667F381A1A5B2682008E3052 /* Sources */ = {
			isa = PBXSourcesBuildPhase;
			buildActionMask = 2147483647;
			files = (
				660F4C0A1B19413B00492DAE /* RBQFetchRequestInMemoryTests.m in Sources */,
				A0C5E0AB1CD7CF3200CD2892 /* RBQFetchedResultsControllerWithSectionsDelegateTests.m in Sources */,
				A0C5E0A91CD7CE6300CD2892 /* RBQFetchedResultsControllerDelegateTests.m in Sources */,
				49527C0F1B18144C00C115A3 /* RBQFetchedResultsSectionInfoTests.m in Sources */,
				49DF57321B17B09900BA8DDC /* RBQFetchRequestTests.m in Sources */,
				49527C091B17F47500C115A3 /* RBQSafeRealmObjectTests.m in Sources */,
				4921A5F91B1A643500CA32B7 /* RBQFetchedResultsControllerTests.m in Sources */,
				4921A5FF1B1A781F00CA32B7 /* RBQTestCase.m in Sources */,
			);
			runOnlyForDeploymentPostprocessing = 0;
		};
/* End PBXSourcesBuildPhase section */

/* Begin PBXTargetDependency section */
		667F38201A5B2682008E3052 /* PBXTargetDependency */ = {
			isa = PBXTargetDependency;
			target = 667F38041A5B2682008E3052 /* RBQFetchedResultsControllerExample */;
			targetProxy = 667F381F1A5B2682008E3052 /* PBXContainerItemProxy */;
		};
/* End PBXTargetDependency section */

/* Begin PBXVariantGroup section */
		667F38121A5B2682008E3052 /* Main.storyboard */ = {
			isa = PBXVariantGroup;
			children = (
				667F38131A5B2682008E3052 /* Base */,
			);
			name = Main.storyboard;
			sourceTree = "<group>";
		};
		667F38171A5B2682008E3052 /* LaunchScreen.xib */ = {
			isa = PBXVariantGroup;
			children = (
				667F38181A5B2682008E3052 /* Base */,
			);
			name = LaunchScreen.xib;
			sourceTree = "<group>";
		};
/* End PBXVariantGroup section */

/* Begin XCBuildConfiguration section */
		667F38261A5B2682008E3052 /* Debug */ = {
			isa = XCBuildConfiguration;
			buildSettings = {
				ALWAYS_SEARCH_USER_PATHS = NO;
				CLANG_CXX_LANGUAGE_STANDARD = "gnu++0x";
				CLANG_CXX_LIBRARY = "libc++";
				CLANG_ENABLE_MODULES = YES;
				CLANG_ENABLE_OBJC_ARC = YES;
				CLANG_WARN_BOOL_CONVERSION = YES;
				CLANG_WARN_CONSTANT_CONVERSION = YES;
				CLANG_WARN_DIRECT_OBJC_ISA_USAGE = YES_ERROR;
				CLANG_WARN_EMPTY_BODY = YES;
				CLANG_WARN_ENUM_CONVERSION = YES;
				CLANG_WARN_INT_CONVERSION = YES;
				CLANG_WARN_OBJC_ROOT_CLASS = YES_ERROR;
				CLANG_WARN_UNREACHABLE_CODE = YES;
				CLANG_WARN__DUPLICATE_METHOD_MATCH = YES;
				"CODE_SIGN_IDENTITY[sdk=iphoneos*]" = "iPhone Developer";
				COPY_PHASE_STRIP = NO;
				ENABLE_STRICT_OBJC_MSGSEND = YES;
				ENABLE_TESTABILITY = YES;
				GCC_C_LANGUAGE_STANDARD = gnu99;
				GCC_DYNAMIC_NO_PIC = NO;
				GCC_OPTIMIZATION_LEVEL = 0;
				GCC_PREPROCESSOR_DEFINITIONS = (
					"DEBUG=1",
					"$(inherited)",
				);
				GCC_SYMBOLS_PRIVATE_EXTERN = NO;
				GCC_WARN_64_TO_32_BIT_CONVERSION = YES;
				GCC_WARN_ABOUT_RETURN_TYPE = YES_ERROR;
				GCC_WARN_UNDECLARED_SELECTOR = YES;
				GCC_WARN_UNINITIALIZED_AUTOS = YES_AGGRESSIVE;
				GCC_WARN_UNUSED_FUNCTION = YES;
				GCC_WARN_UNUSED_VARIABLE = YES;
				IPHONEOS_DEPLOYMENT_TARGET = 8.0;
				MTL_ENABLE_DEBUG_INFO = YES;
				ONLY_ACTIVE_ARCH = YES;
				SDKROOT = iphoneos;
				TARGETED_DEVICE_FAMILY = "1,2";
			};
			name = Debug;
		};
		667F38271A5B2682008E3052 /* Release */ = {
			isa = XCBuildConfiguration;
			buildSettings = {
				ALWAYS_SEARCH_USER_PATHS = NO;
				CLANG_CXX_LANGUAGE_STANDARD = "gnu++0x";
				CLANG_CXX_LIBRARY = "libc++";
				CLANG_ENABLE_MODULES = YES;
				CLANG_ENABLE_OBJC_ARC = YES;
				CLANG_WARN_BOOL_CONVERSION = YES;
				CLANG_WARN_CONSTANT_CONVERSION = YES;
				CLANG_WARN_DIRECT_OBJC_ISA_USAGE = YES_ERROR;
				CLANG_WARN_EMPTY_BODY = YES;
				CLANG_WARN_ENUM_CONVERSION = YES;
				CLANG_WARN_INT_CONVERSION = YES;
				CLANG_WARN_OBJC_ROOT_CLASS = YES_ERROR;
				CLANG_WARN_UNREACHABLE_CODE = YES;
				CLANG_WARN__DUPLICATE_METHOD_MATCH = YES;
				"CODE_SIGN_IDENTITY[sdk=iphoneos*]" = "iPhone Developer";
				COPY_PHASE_STRIP = YES;
				ENABLE_NS_ASSERTIONS = NO;
				ENABLE_STRICT_OBJC_MSGSEND = YES;
				GCC_C_LANGUAGE_STANDARD = gnu99;
				GCC_WARN_64_TO_32_BIT_CONVERSION = YES;
				GCC_WARN_ABOUT_RETURN_TYPE = YES_ERROR;
				GCC_WARN_UNDECLARED_SELECTOR = YES;
				GCC_WARN_UNINITIALIZED_AUTOS = YES_AGGRESSIVE;
				GCC_WARN_UNUSED_FUNCTION = YES;
				GCC_WARN_UNUSED_VARIABLE = YES;
				IPHONEOS_DEPLOYMENT_TARGET = 8.0;
				MTL_ENABLE_DEBUG_INFO = NO;
				SDKROOT = iphoneos;
				TARGETED_DEVICE_FAMILY = "1,2";
				VALIDATE_PRODUCT = YES;
			};
			name = Release;
		};
		667F38291A5B2682008E3052 /* Debug */ = {
			isa = XCBuildConfiguration;
			baseConfigurationReference = 24302DAE5BB92578C9C97C31 /* Pods-RBQFetchedResultsControllerExample.debug.xcconfig */;
			buildSettings = {
				ASSETCATALOG_COMPILER_APPICON_NAME = AppIcon;
				INFOPLIST_FILE = RBQFetchedResultsControllerExample/Info.plist;
				IPHONEOS_DEPLOYMENT_TARGET = 8.0;
				LD_RUNPATH_SEARCH_PATHS = "$(inherited) @executable_path/Frameworks";
				PRODUCT_BUNDLE_IDENTIFIER = "com.Roobiq.$(PRODUCT_NAME:rfc1034identifier)";
				PRODUCT_NAME = "$(TARGET_NAME)";
			};
			name = Debug;
		};
		667F382A1A5B2682008E3052 /* Release */ = {
			isa = XCBuildConfiguration;
			baseConfigurationReference = 23DF3779C69223EEBB05695E /* Pods-RBQFetchedResultsControllerExample.release.xcconfig */;
			buildSettings = {
				ASSETCATALOG_COMPILER_APPICON_NAME = AppIcon;
				INFOPLIST_FILE = RBQFetchedResultsControllerExample/Info.plist;
				IPHONEOS_DEPLOYMENT_TARGET = 8.0;
				LD_RUNPATH_SEARCH_PATHS = "$(inherited) @executable_path/Frameworks";
				PRODUCT_BUNDLE_IDENTIFIER = "com.Roobiq.$(PRODUCT_NAME:rfc1034identifier)";
				PRODUCT_NAME = "$(TARGET_NAME)";
			};
			name = Release;
		};
		667F382C1A5B2682008E3052 /* Debug */ = {
			isa = XCBuildConfiguration;
			baseConfigurationReference = F37DD26C52E0B721F48A0FF9 /* Pods-RBQFetchedResultsControllerExampleTests.debug.xcconfig */;
			buildSettings = {
				BUNDLE_LOADER = "$(TEST_HOST)";
				FRAMEWORK_SEARCH_PATHS = "$(inherited)";
				GCC_PREPROCESSOR_DEFINITIONS = (
					"DEBUG=1",
					"$(inherited)",
				);
				INFOPLIST_FILE = RBQFetchedResultsControllerExampleTests/Info.plist;
				LD_RUNPATH_SEARCH_PATHS = "$(inherited) @executable_path/Frameworks @loader_path/Frameworks";
				PRODUCT_BUNDLE_IDENTIFIER = "com.Roobiq.$(PRODUCT_NAME:rfc1034identifier)";
				PRODUCT_NAME = "$(TARGET_NAME)";
				TEST_HOST = "$(BUILT_PRODUCTS_DIR)/RBQFetchedResultsControllerExample.app/RBQFetchedResultsControllerExample";
			};
			name = Debug;
		};
		667F382D1A5B2682008E3052 /* Release */ = {
			isa = XCBuildConfiguration;
			baseConfigurationReference = C2E60F6FE175B391587A17E0 /* Pods-RBQFetchedResultsControllerExampleTests.release.xcconfig */;
			buildSettings = {
				BUNDLE_LOADER = "$(TEST_HOST)";
				FRAMEWORK_SEARCH_PATHS = "$(inherited)";
				INFOPLIST_FILE = RBQFetchedResultsControllerExampleTests/Info.plist;
				LD_RUNPATH_SEARCH_PATHS = "$(inherited) @executable_path/Frameworks @loader_path/Frameworks";
				PRODUCT_BUNDLE_IDENTIFIER = "com.Roobiq.$(PRODUCT_NAME:rfc1034identifier)";
				PRODUCT_NAME = "$(TARGET_NAME)";
				TEST_HOST = "$(BUILT_PRODUCTS_DIR)/RBQFetchedResultsControllerExample.app/RBQFetchedResultsControllerExample";
			};
			name = Release;
		};
/* End XCBuildConfiguration section */

/* Begin XCConfigurationList section */
		667F38001A5B2682008E3052 /* Build configuration list for PBXProject "RBQFetchedResultsControllerExample" */ = {
			isa = XCConfigurationList;
			buildConfigurations = (
				667F38261A5B2682008E3052 /* Debug */,
				667F38271A5B2682008E3052 /* Release */,
			);
			defaultConfigurationIsVisible = 0;
			defaultConfigurationName = Release;
		};
		667F38281A5B2682008E3052 /* Build configuration list for PBXNativeTarget "RBQFetchedResultsControllerExample" */ = {
			isa = XCConfigurationList;
			buildConfigurations = (
				667F38291A5B2682008E3052 /* Debug */,
				667F382A1A5B2682008E3052 /* Release */,
			);
			defaultConfigurationIsVisible = 0;
			defaultConfigurationName = Release;
		};
		667F382B1A5B2682008E3052 /* Build configuration list for PBXNativeTarget "RBQFetchedResultsControllerExampleTests" */ = {
			isa = XCConfigurationList;
			buildConfigurations = (
				667F382C1A5B2682008E3052 /* Debug */,
				667F382D1A5B2682008E3052 /* Release */,
			);
			defaultConfigurationIsVisible = 0;
			defaultConfigurationName = Release;
		};
/* End XCConfigurationList section */
	};
	rootObject = 667F37FD1A5B2682008E3052 /* Project object */;
}
